
Microsoft Visual Studio Solution File, Format Version 12.00
# Visual Studio 15
VisualStudioVersion = 15.0.27130.2027
MinimumVisualStudioVersion = 10.0.40219.1
Project("{FAE04EC0-301F-11D3-BF4B-00C04F79EFBC}") = "Agenda.Android", "Agenda\Agenda.Android\Agenda.Android.csproj", "{EB220D01-42E0-4C53-B1D6-C8E9BF9FFDBB}"
EndProject
Project("{FAE04EC0-301F-11D3-BF4B-00C04F79EFBC}") = "Agenda.iOS", "Agenda\Agenda.iOS\Agenda.iOS.csproj", "{E441A577-69C3-4F10-A5FB-EE7A79082CCB}"
EndProject
Project("{FAE04EC0-301F-11D3-BF4B-00C04F79EFBC}") = "Agenda.UWP", "Agenda\Agenda.UWP\Agenda.UWP.csproj", "{2A9A06A8-EA24-49E5-843D-03CC9A47F291}"
EndProject
Project("{FAE04EC0-301F-11D3-BF4B-00C04F79EFBC}") = "Agenda", "Agenda\Agenda\Agenda.csproj", "{5B92827B-5D2D-4B66-A42D-2A7DBF2F5DD3}"
EndProject
Global
	GlobalSection(SolutionConfigurationPlatforms) = preSolution
		Ad-Hoc|Any CPU = Ad-Hoc|Any CPU
		Ad-Hoc|ARM = Ad-Hoc|ARM
		Ad-Hoc|iPhone = Ad-Hoc|iPhone
		Ad-Hoc|iPhoneSimulator = Ad-Hoc|iPhoneSimulator
		Ad-Hoc|x64 = Ad-Hoc|x64
		Ad-Hoc|x86 = Ad-Hoc|x86
		AppStore|Any CPU = AppStore|Any CPU
		AppStore|ARM = AppStore|ARM
		AppStore|iPhone = AppStore|iPhone
		AppStore|iPhoneSimulator = AppStore|iPhoneSimulator
		AppStore|x64 = AppStore|x64
		AppStore|x86 = AppStore|x86
		Debug|Any CPU = Debug|Any CPU
		Debug|ARM = Debug|ARM
		Debug|iPhone = Debug|iPhone
		Debug|iPhoneSimulator = Debug|iPhoneSimulator
		Debug|x64 = Debug|x64
		Debug|x86 = Debug|x86
		Release|Any CPU = Release|Any CPU
		Release|ARM = Release|ARM
		Release|iPhone = Release|iPhone
		Release|iPhoneSimulator = Release|iPhoneSimulator
		Release|x64 = Release|x64
		Release|x86 = Release|x86
	EndGlobalSection
	GlobalSection(ProjectConfigurationPlatforms) = postSolution
		{EB220D01-42E0-4C53-B1D6-C8E9BF9FFDBB}.Ad-Hoc|Any CPU.ActiveCfg = Release|Any CPU
		{EB220D01-42E0-4C53-B1D6-C8E9BF9FFDBB}.Ad-Hoc|Any CPU.Build.0 = Release|Any CPU
		{EB220D01-42E0-4C53-B1D6-C8E9BF9FFDBB}.Ad-Hoc|Any CPU.Deploy.0 = Release|Any CPU
		{EB220D01-42E0-4C53-B1D6-C8E9BF9FFDBB}.Ad-Hoc|ARM.ActiveCfg = Release|Any CPU
		{EB220D01-42E0-4C53-B1D6-C8E9BF9FFDBB}.Ad-Hoc|ARM.Build.0 = Release|Any CPU
		{EB220D01-42E0-4C53-B1D6-C8E9BF9FFDBB}.Ad-Hoc|ARM.Deploy.0 = Release|Any CPU
		{EB220D01-42E0-4C53-B1D6-C8E9BF9FFDBB}.Ad-Hoc|iPhone.ActiveCfg = Release|Any CPU
		{EB220D01-42E0-4C53-B1D6-C8E9BF9FFDBB}.Ad-Hoc|iPhone.Build.0 = Release|Any CPU
		{EB220D01-42E0-4C53-B1D6-C8E9BF9FFDBB}.Ad-Hoc|iPhone.Deploy.0 = Release|Any CPU
		{EB220D01-42E0-4C53-B1D6-C8E9BF9FFDBB}.Ad-Hoc|iPhoneSimulator.ActiveCfg = Release|Any CPU
		{EB220D01-42E0-4C53-B1D6-C8E9BF9FFDBB}.Ad-Hoc|iPhoneSimulator.Build.0 = Release|Any CPU
		{EB220D01-42E0-4C53-B1D6-C8E9BF9FFDBB}.Ad-Hoc|iPhoneSimulator.Deploy.0 = Release|Any CPU
		{EB220D01-42E0-4C53-B1D6-C8E9BF9FFDBB}.Ad-Hoc|x64.ActiveCfg = Release|Any CPU
		{EB220D01-42E0-4C53-B1D6-C8E9BF9FFDBB}.Ad-Hoc|x64.Build.0 = Release|Any CPU
		{EB220D01-42E0-4C53-B1D6-C8E9BF9FFDBB}.Ad-Hoc|x64.Deploy.0 = Release|Any CPU
		{EB220D01-42E0-4C53-B1D6-C8E9BF9FFDBB}.Ad-Hoc|x86.ActiveCfg = Release|Any CPU
		{EB220D01-42E0-4C53-B1D6-C8E9BF9FFDBB}.Ad-Hoc|x86.Build.0 = Release|Any CPU
		{EB220D01-42E0-4C53-B1D6-C8E9BF9FFDBB}.Ad-Hoc|x86.Deploy.0 = Release|Any CPU
		{EB220D01-42E0-4C53-B1D6-C8E9BF9FFDBB}.AppStore|Any CPU.ActiveCfg = Release|Any CPU
		{EB220D01-42E0-4C53-B1D6-C8E9BF9FFDBB}.AppStore|Any CPU.Build.0 = Release|Any CPU
		{EB220D01-42E0-4C53-B1D6-C8E9BF9FFDBB}.AppStore|Any CPU.Deploy.0 = Release|Any CPU
		{EB220D01-42E0-4C53-B1D6-C8E9BF9FFDBB}.AppStore|ARM.ActiveCfg = Release|Any CPU
		{EB220D01-42E0-4C53-B1D6-C8E9BF9FFDBB}.AppStore|ARM.Build.0 = Release|Any CPU
		{EB220D01-42E0-4C53-B1D6-C8E9BF9FFDBB}.AppStore|ARM.Deploy.0 = Release|Any CPU
		{EB220D01-42E0-4C53-B1D6-C8E9BF9FFDBB}.AppStore|iPhone.ActiveCfg = Release|Any CPU
		{EB220D01-42E0-4C53-B1D6-C8E9BF9FFDBB}.AppStore|iPhone.Build.0 = Release|Any CPU
		{EB220D01-42E0-4C53-B1D6-C8E9BF9FFDBB}.AppStore|iPhone.Deploy.0 = Release|Any CPU
		{EB220D01-42E0-4C53-B1D6-C8E9BF9FFDBB}.AppStore|iPhoneSimulator.ActiveCfg = Release|Any CPU
		{EB220D01-42E0-4C53-B1D6-C8E9BF9FFDBB}.AppStore|iPhoneSimulator.Build.0 = Release|Any CPU
		{EB220D01-42E0-4C53-B1D6-C8E9BF9FFDBB}.AppStore|iPhoneSimulator.Deploy.0 = Release|Any CPU
		{EB220D01-42E0-4C53-B1D6-C8E9BF9FFDBB}.AppStore|x64.ActiveCfg = Release|Any CPU
		{EB220D01-42E0-4C53-B1D6-C8E9BF9FFDBB}.AppStore|x64.Build.0 = Release|Any CPU
		{EB220D01-42E0-4C53-B1D6-C8E9BF9FFDBB}.AppStore|x64.Deploy.0 = Release|Any CPU
		{EB220D01-42E0-4C53-B1D6-C8E9BF9FFDBB}.AppStore|x86.ActiveCfg = Release|Any CPU
		{EB220D01-42E0-4C53-B1D6-C8E9BF9FFDBB}.AppStore|x86.Build.0 = Release|Any CPU
		{EB220D01-42E0-4C53-B1D6-C8E9BF9FFDBB}.AppStore|x86.Deploy.0 = Release|Any CPU
		{EB220D01-42E0-4C53-B1D6-C8E9BF9FFDBB}.Debug|Any CPU.ActiveCfg = Debug|Any CPU
		{EB220D01-42E0-4C53-B1D6-C8E9BF9FFDBB}.Debug|Any CPU.Build.0 = Debug|Any CPU
		{EB220D01-42E0-4C53-B1D6-C8E9BF9FFDBB}.Debug|Any CPU.Deploy.0 = Debug|Any CPU
		{EB220D01-42E0-4C53-B1D6-C8E9BF9FFDBB}.Debug|ARM.ActiveCfg = Debug|Any CPU
		{EB220D01-42E0-4C53-B1D6-C8E9BF9FFDBB}.Debug|ARM.Build.0 = Debug|Any CPU
		{EB220D01-42E0-4C53-B1D6-C8E9BF9FFDBB}.Debug|ARM.Deploy.0 = Debug|Any CPU
		{EB220D01-42E0-4C53-B1D6-C8E9BF9FFDBB}.Debug|iPhone.ActiveCfg = Debug|Any CPU
		{EB220D01-42E0-4C53-B1D6-C8E9BF9FFDBB}.Debug|iPhone.Build.0 = Debug|Any CPU
		{EB220D01-42E0-4C53-B1D6-C8E9BF9FFDBB}.Debug|iPhone.Deploy.0 = Debug|Any CPU
		{EB220D01-42E0-4C53-B1D6-C8E9BF9FFDBB}.Debug|iPhoneSimulator.ActiveCfg = Debug|Any CPU
		{EB220D01-42E0-4C53-B1D6-C8E9BF9FFDBB}.Debug|iPhoneSimulator.Build.0 = Debug|Any CPU
		{EB220D01-42E0-4C53-B1D6-C8E9BF9FFDBB}.Debug|iPhoneSimulator.Deploy.0 = Debug|Any CPU
		{EB220D01-42E0-4C53-B1D6-C8E9BF9FFDBB}.Debug|x64.ActiveCfg = Debug|Any CPU
		{EB220D01-42E0-4C53-B1D6-C8E9BF9FFDBB}.Debug|x64.Build.0 = Debug|Any CPU
		{EB220D01-42E0-4C53-B1D6-C8E9BF9FFDBB}.Debug|x64.Deploy.0 = Debug|Any CPU
		{EB220D01-42E0-4C53-B1D6-C8E9BF9FFDBB}.Debug|x86.ActiveCfg = Debug|Any CPU
		{EB220D01-42E0-4C53-B1D6-C8E9BF9FFDBB}.Debug|x86.Build.0 = Debug|Any CPU
		{EB220D01-42E0-4C53-B1D6-C8E9BF9FFDBB}.Debug|x86.Deploy.0 = Debug|Any CPU
		{EB220D01-42E0-4C53-B1D6-C8E9BF9FFDBB}.Release|Any CPU.ActiveCfg = Release|Any CPU
		{EB220D01-42E0-4C53-B1D6-C8E9BF9FFDBB}.Release|Any CPU.Build.0 = Release|Any CPU
		{EB220D01-42E0-4C53-B1D6-C8E9BF9FFDBB}.Release|Any CPU.Deploy.0 = Release|Any CPU
		{EB220D01-42E0-4C53-B1D6-C8E9BF9FFDBB}.Release|ARM.ActiveCfg = Release|Any CPU
		{EB220D01-42E0-4C53-B1D6-C8E9BF9FFDBB}.Release|ARM.Build.0 = Release|Any CPU
		{EB220D01-42E0-4C53-B1D6-C8E9BF9FFDBB}.Release|ARM.Deploy.0 = Release|Any CPU
		{EB220D01-42E0-4C53-B1D6-C8E9BF9FFDBB}.Release|iPhone.ActiveCfg = Release|Any CPU
		{EB220D01-42E0-4C53-B1D6-C8E9BF9FFDBB}.Release|iPhone.Build.0 = Release|Any CPU
		{EB220D01-42E0-4C53-B1D6-C8E9BF9FFDBB}.Release|iPhone.Deploy.0 = Release|Any CPU
		{EB220D01-42E0-4C53-B1D6-C8E9BF9FFDBB}.Release|iPhoneSimulator.ActiveCfg = Release|Any CPU
		{EB220D01-42E0-4C53-B1D6-C8E9BF9FFDBB}.Release|iPhoneSimulator.Build.0 = Release|Any CPU
		{EB220D01-42E0-4C53-B1D6-C8E9BF9FFDBB}.Release|iPhoneSimulator.Deploy.0 = Release|Any CPU
		{EB220D01-42E0-4C53-B1D6-C8E9BF9FFDBB}.Release|x64.ActiveCfg = Release|Any CPU
		{EB220D01-42E0-4C53-B1D6-C8E9BF9FFDBB}.Release|x64.Build.0 = Release|Any CPU
		{EB220D01-42E0-4C53-B1D6-C8E9BF9FFDBB}.Release|x64.Deploy.0 = Release|Any CPU
		{EB220D01-42E0-4C53-B1D6-C8E9BF9FFDBB}.Release|x86.ActiveCfg = Release|Any CPU
		{EB220D01-42E0-4C53-B1D6-C8E9BF9FFDBB}.Release|x86.Build.0 = Release|Any CPU
		{EB220D01-42E0-4C53-B1D6-C8E9BF9FFDBB}.Release|x86.Deploy.0 = Release|Any CPU
		{E441A577-69C3-4F10-A5FB-EE7A79082CCB}.Ad-Hoc|Any CPU.ActiveCfg = Ad-Hoc|iPhone
		{E441A577-69C3-4F10-A5FB-EE7A79082CCB}.Ad-Hoc|ARM.ActiveCfg = Ad-Hoc|iPhone
		{E441A577-69C3-4F10-A5FB-EE7A79082CCB}.Ad-Hoc|iPhone.ActiveCfg = Ad-Hoc|iPhone
		{E441A577-69C3-4F10-A5FB-EE7A79082CCB}.Ad-Hoc|iPhone.Build.0 = Ad-Hoc|iPhone
		{E441A577-69C3-4F10-A5FB-EE7A79082CCB}.Ad-Hoc|iPhoneSimulator.ActiveCfg = Ad-Hoc|iPhoneSimulator
		{E441A577-69C3-4F10-A5FB-EE7A79082CCB}.Ad-Hoc|iPhoneSimulator.Build.0 = Ad-Hoc|iPhoneSimulator
		{E441A577-69C3-4F10-A5FB-EE7A79082CCB}.Ad-Hoc|x64.ActiveCfg = Ad-Hoc|iPhone
		{E441A577-69C3-4F10-A5FB-EE7A79082CCB}.Ad-Hoc|x86.ActiveCfg = Ad-Hoc|iPhone
		{E441A577-69C3-4F10-A5FB-EE7A79082CCB}.AppStore|Any CPU.ActiveCfg = AppStore|iPhone
		{E441A577-69C3-4F10-A5FB-EE7A79082CCB}.AppStore|ARM.ActiveCfg = AppStore|iPhone
		{E441A577-69C3-4F10-A5FB-EE7A79082CCB}.AppStore|iPhone.ActiveCfg = AppStore|iPhone
		{E441A577-69C3-4F10-A5FB-EE7A79082CCB}.AppStore|iPhone.Build.0 = AppStore|iPhone
		{E441A577-69C3-4F10-A5FB-EE7A79082CCB}.AppStore|iPhoneSimulator.ActiveCfg = AppStore|iPhoneSimulator
		{E441A577-69C3-4F10-A5FB-EE7A79082CCB}.AppStore|iPhoneSimulator.Build.0 = AppStore|iPhoneSimulator
		{E441A577-69C3-4F10-A5FB-EE7A79082CCB}.AppStore|x64.ActiveCfg = AppStore|iPhone
		{E441A577-69C3-4F10-A5FB-EE7A79082CCB}.AppStore|x86.ActiveCfg = AppStore|iPhone
		{E441A577-69C3-4F10-A5FB-EE7A79082CCB}.Debug|Any CPU.ActiveCfg = Debug|iPhone
		{E441A577-69C3-4F10-A5FB-EE7A79082CCB}.Debug|ARM.ActiveCfg = Debug|iPhone
		{E441A577-69C3-4F10-A5FB-EE7A79082CCB}.Debug|iPhone.ActiveCfg = Debug|iPhone
		{E441A577-69C3-4F10-A5FB-EE7A79082CCB}.Debug|iPhone.Build.0 = Debug|iPhone
		{E441A577-69C3-4F10-A5FB-EE7A79082CCB}.Debug|iPhoneSimulator.ActiveCfg = Debug|iPhoneSimulator
		{E441A577-69C3-4F10-A5FB-EE7A79082CCB}.Debug|iPhoneSimulator.Build.0 = Debug|iPhoneSimulator
		{E441A577-69C3-4F10-A5FB-EE7A79082CCB}.Debug|x64.ActiveCfg = Debug|iPhone
		{E441A577-69C3-4F10-A5FB-EE7A79082CCB}.Debug|x86.ActiveCfg = Debug|iPhone
		{E441A577-69C3-4F10-A5FB-EE7A79082CCB}.Release|Any CPU.ActiveCfg = Release|iPhone
		{E441A577-69C3-4F10-A5FB-EE7A79082CCB}.Release|ARM.ActiveCfg = Release|iPhone
		{E441A577-69C3-4F10-A5FB-EE7A79082CCB}.Release|iPhone.ActiveCfg = Release|iPhone
		{E441A577-69C3-4F10-A5FB-EE7A79082CCB}.Release|iPhone.Build.0 = Release|iPhone
		{E441A577-69C3-4F10-A5FB-EE7A79082CCB}.Release|iPhoneSimulator.ActiveCfg = Release|iPhoneSimulator
		{E441A577-69C3-4F10-A5FB-EE7A79082CCB}.Release|iPhoneSimulator.Build.0 = Release|iPhoneSimulator
		{E441A577-69C3-4F10-A5FB-EE7A79082CCB}.Release|x64.ActiveCfg = Release|iPhone
		{E441A577-69C3-4F10-A5FB-EE7A79082CCB}.Release|x86.ActiveCfg = Release|iPhone
		{2A9A06A8-EA24-49E5-843D-03CC9A47F291}.Ad-Hoc|Any CPU.ActiveCfg = Release|x86
		{2A9A06A8-EA24-49E5-843D-03CC9A47F291}.Ad-Hoc|Any CPU.Build.0 = Release|x86
		{2A9A06A8-EA24-49E5-843D-03CC9A47F291}.Ad-Hoc|Any CPU.Deploy.0 = Release|x86
		{2A9A06A8-EA24-49E5-843D-03CC9A47F291}.Ad-Hoc|ARM.ActiveCfg = Release|ARM
		{2A9A06A8-EA24-49E5-843D-03CC9A47F291}.Ad-Hoc|ARM.Build.0 = Release|ARM
		{2A9A06A8-EA24-49E5-843D-03CC9A47F291}.Ad-Hoc|ARM.Deploy.0 = Release|ARM
		{2A9A06A8-EA24-49E5-843D-03CC9A47F291}.Ad-Hoc|iPhone.ActiveCfg = Release|x86
		{2A9A06A8-EA24-49E5-843D-03CC9A47F291}.Ad-Hoc|iPhone.Build.0 = Release|x86
		{2A9A06A8-EA24-49E5-843D-03CC9A47F291}.Ad-Hoc|iPhone.Deploy.0 = Release|x86
		{2A9A06A8-EA24-49E5-843D-03CC9A47F291}.Ad-Hoc|iPhoneSimulator.ActiveCfg = Release|x86
		{2A9A06A8-EA24-49E5-843D-03CC9A47F291}.Ad-Hoc|iPhoneSimulator.Build.0 = Release|x86
		{2A9A06A8-EA24-49E5-843D-03CC9A47F291}.Ad-Hoc|iPhoneSimulator.Deploy.0 = Release|x86
		{2A9A06A8-EA24-49E5-843D-03CC9A47F291}.Ad-Hoc|x64.ActiveCfg = Release|x64
		{2A9A06A8-EA24-49E5-843D-03CC9A47F291}.Ad-Hoc|x64.Build.0 = Release|x64
		{2A9A06A8-EA24-49E5-843D-03CC9A47F291}.Ad-Hoc|x64.Deploy.0 = Release|x64
		{2A9A06A8-EA24-49E5-843D-03CC9A47F291}.Ad-Hoc|x86.ActiveCfg = Release|x86
		{2A9A06A8-EA24-49E5-843D-03CC9A47F291}.Ad-Hoc|x86.Build.0 = Release|x86
		{2A9A06A8-EA24-49E5-843D-03CC9A47F291}.Ad-Hoc|x86.Deploy.0 = Release|x86
		{2A9A06A8-EA24-49E5-843D-03CC9A47F291}.AppStore|Any CPU.ActiveCfg = Release|x86
		{2A9A06A8-EA24-49E5-843D-03CC9A47F291}.AppStore|Any CPU.Build.0 = Release|x86
		{2A9A06A8-EA24-49E5-843D-03CC9A47F291}.AppStore|Any CPU.Deploy.0 = Release|x86
		{2A9A06A8-EA24-49E5-843D-03CC9A47F291}.AppStore|ARM.ActiveCfg = Release|ARM
		{2A9A06A8-EA24-49E5-843D-03CC9A47F291}.AppStore|ARM.Build.0 = Release|ARM
		{2A9A06A8-EA24-49E5-843D-03CC9A47F291}.AppStore|ARM.Deploy.0 = Release|ARM
		{2A9A06A8-EA24-49E5-843D-03CC9A47F291}.AppStore|iPhone.ActiveCfg = Release|x86
		{2A9A06A8-EA24-49E5-843D-03CC9A47F291}.AppStore|iPhone.Build.0 = Release|x86
		{2A9A06A8-EA24-49E5-843D-03CC9A47F291}.AppStore|iPhone.Deploy.0 = Release|x86
		{2A9A06A8-EA24-49E5-843D-03CC9A47F291}.AppStore|iPhoneSimulator.ActiveCfg = Release|x86
		{2A9A06A8-EA24-49E5-843D-03CC9A47F291}.AppStore|iPhoneSimulator.Build.0 = Release|x86
		{2A9A06A8-EA24-49E5-843D-03CC9A47F291}.AppStore|iPhoneSimulator.Deploy.0 = Release|x86
		{2A9A06A8-EA24-49E5-843D-03CC9A47F291}.AppStore|x64.ActiveCfg = Release|x64
		{2A9A06A8-EA24-49E5-843D-03CC9A47F291}.AppStore|x64.Build.0 = Release|x64
		{2A9A06A8-EA24-49E5-843D-03CC9A47F291}.AppStore|x64.Deploy.0 = Release|x64
		{2A9A06A8-EA24-49E5-843D-03CC9A47F291}.AppStore|x86.ActiveCfg = Release|x86
		{2A9A06A8-EA24-49E5-843D-03CC9A47F291}.AppStore|x86.Build.0 = Release|x86
		{2A9A06A8-EA24-49E5-843D-03CC9A47F291}.AppStore|x86.Deploy.0 = Release|x86
		{2A9A06A8-EA24-49E5-843D-03CC9A47F291}.Debug|Any CPU.ActiveCfg = Debug|x86
		{2A9A06A8-EA24-49E5-843D-03CC9A47F291}.Debug|ARM.ActiveCfg = Debug|ARM
		{2A9A06A8-EA24-49E5-843D-03CC9A47F291}.Debug|ARM.Build.0 = Debug|ARM
		{2A9A06A8-EA24-49E5-843D-03CC9A47F291}.Debug|ARM.Deploy.0 = Debug|ARM
		{2A9A06A8-EA24-49E5-843D-03CC9A47F291}.Debug|iPhone.ActiveCfg = Debug|x86
		{2A9A06A8-EA24-49E5-843D-03CC9A47F291}.Debug|iPhoneSimulator.ActiveCfg = Debug|x86
		{2A9A06A8-EA24-49E5-843D-03CC9A47F291}.Debug|x64.ActiveCfg = Debug|x64
		{2A9A06A8-EA24-49E5-843D-03CC9A47F291}.Debug|x64.Build.0 = Debug|x64
		{2A9A06A8-EA24-49E5-843D-03CC9A47F291}.Debug|x64.Deploy.0 = Debug|x64
		{2A9A06A8-EA24-49E5-843D-03CC9A47F291}.Debug|x86.ActiveCfg = Debug|x86
		{2A9A06A8-EA24-49E5-843D-03CC9A47F291}.Debug|x86.Build.0 = Debug|x86
		{2A9A06A8-EA24-49E5-843D-03CC9A47F291}.Debug|x86.Deploy.0 = Debug|x86
		{2A9A06A8-EA24-49E5-843D-03CC9A47F291}.Release|Any CPU.ActiveCfg = Release|x86
		{2A9A06A8-EA24-49E5-843D-03CC9A47F291}.Release|ARM.ActiveCfg = Release|ARM
		{2A9A06A8-EA24-49E5-843D-03CC9A47F291}.Release|ARM.Build.0 = Release|ARM
		{2A9A06A8-EA24-49E5-843D-03CC9A47F291}.Release|ARM.Deploy.0 = Release|ARM
		{2A9A06A8-EA24-49E5-843D-03CC9A47F291}.Release|iPhone.ActiveCfg = Release|x86
		{2A9A06A8-EA24-49E5-843D-03CC9A47F291}.Release|iPhoneSimulator.ActiveCfg = Release|x86
		{2A9A06A8-EA24-49E5-843D-03CC9A47F291}.Release|x64.ActiveCfg = Release|x64
		{2A9A06A8-EA24-49E5-843D-03CC9A47F291}.Release|x64.Build.0 = Release|x64
		{2A9A06A8-EA24-49E5-843D-03CC9A47F291}.Release|x64.Deploy.0 = Release|x64
		{2A9A06A8-EA24-49E5-843D-03CC9A47F291}.Release|x86.ActiveCfg = Release|x86
		{2A9A06A8-EA24-49E5-843D-03CC9A47F291}.Release|x86.Build.0 = Release|x86
		{2A9A06A8-EA24-49E5-843D-03CC9A47F291}.Release|x86.Deploy.0 = Release|x86
		{5B92827B-5D2D-4B66-A42D-2A7DBF2F5DD3}.Ad-Hoc|Any CPU.ActiveCfg = Debug|Any CPU
		{5B92827B-5D2D-4B66-A42D-2A7DBF2F5DD3}.Ad-Hoc|Any CPU.Build.0 = Debug|Any CPU
		{5B92827B-5D2D-4B66-A42D-2A7DBF2F5DD3}.Ad-Hoc|ARM.ActiveCfg = Debug|Any CPU
		{5B92827B-5D2D-4B66-A42D-2A7DBF2F5DD3}.Ad-Hoc|ARM.Build.0 = Debug|Any CPU
		{5B92827B-5D2D-4B66-A42D-2A7DBF2F5DD3}.Ad-Hoc|iPhone.ActiveCfg = Debug|Any CPU
		{5B92827B-5D2D-4B66-A42D-2A7DBF2F5DD3}.Ad-Hoc|iPhone.Build.0 = Debug|Any CPU
		{5B92827B-5D2D-4B66-A42D-2A7DBF2F5DD3}.Ad-Hoc|iPhoneSimulator.ActiveCfg = Debug|Any CPU
		{5B92827B-5D2D-4B66-A42D-2A7DBF2F5DD3}.Ad-Hoc|iPhoneSimulator.Build.0 = Debug|Any CPU
		{5B92827B-5D2D-4B66-A42D-2A7DBF2F5DD3}.Ad-Hoc|x64.ActiveCfg = Debug|Any CPU
		{5B92827B-5D2D-4B66-A42D-2A7DBF2F5DD3}.Ad-Hoc|x64.Build.0 = Debug|Any CPU
		{5B92827B-5D2D-4B66-A42D-2A7DBF2F5DD3}.Ad-Hoc|x86.ActiveCfg = Debug|Any CPU
		{5B92827B-5D2D-4B66-A42D-2A7DBF2F5DD3}.Ad-Hoc|x86.Build.0 = Debug|Any CPU
		{5B92827B-5D2D-4B66-A42D-2A7DBF2F5DD3}.AppStore|Any CPU.ActiveCfg = Debug|Any CPU
		{5B92827B-5D2D-4B66-A42D-2A7DBF2F5DD3}.AppStore|Any CPU.Build.0 = Debug|Any CPU
		{5B92827B-5D2D-4B66-A42D-2A7DBF2F5DD3}.AppStore|ARM.ActiveCfg = Debug|Any CPU
		{5B92827B-5D2D-4B66-A42D-2A7DBF2F5DD3}.AppStore|ARM.Build.0 = Debug|Any CPU
		{5B92827B-5D2D-4B66-A42D-2A7DBF2F5DD3}.AppStore|iPhone.ActiveCfg = Debug|Any CPU
		{5B92827B-5D2D-4B66-A42D-2A7DBF2F5DD3}.AppStore|iPhone.Build.0 = Debug|Any CPU
		{5B92827B-5D2D-4B66-A42D-2A7DBF2F5DD3}.AppStore|iPhoneSimulator.ActiveCfg = Debug|Any CPU
		{5B92827B-5D2D-4B66-A42D-2A7DBF2F5DD3}.AppStore|iPhoneSimulator.Build.0 = Debug|Any CPU
		{5B92827B-5D2D-4B66-A42D-2A7DBF2F5DD3}.AppStore|x64.ActiveCfg = Debug|Any CPU
		{5B92827B-5D2D-4B66-A42D-2A7DBF2F5DD3}.AppStore|x64.Build.0 = Debug|Any CPU
		{5B92827B-5D2D-4B66-A42D-2A7DBF2F5DD3}.AppStore|x86.ActiveCfg = Debug|Any CPU
		{5B92827B-5D2D-4B66-A42D-2A7DBF2F5DD3}.AppStore|x86.Build.0 = Debug|Any CPU
		{5B92827B-5D2D-4B66-A42D-2A7DBF2F5DD3}.Debug|Any CPU.ActiveCfg = Debug|Any CPU
		{5B92827B-5D2D-4B66-A42D-2A7DBF2F5DD3}.Debug|Any CPU.Build.0 = Debug|Any CPU
		{5B92827B-5D2D-4B66-A42D-2A7DBF2F5DD3}.Debug|ARM.ActiveCfg = Debug|Any CPU
		{5B92827B-5D2D-4B66-A42D-2A7DBF2F5DD3}.Debug|ARM.Build.0 = Debug|Any CPU
		{5B92827B-5D2D-4B66-A42D-2A7DBF2F5DD3}.Debug|iPhone.ActiveCfg = Debug|Any CPU
		{5B92827B-5D2D-4B66-A42D-2A7DBF2F5DD3}.Debug|iPhone.Build.0 = Debug|Any CPU
		{5B92827B-5D2D-4B66-A42D-2A7DBF2F5DD3}.Debug|iPhoneSimulator.ActiveCfg = Debug|Any CPU
		{5B92827B-5D2D-4B66-A42D-2A7DBF2F5DD3}.Debug|iPhoneSimulator.Build.0 = Debug|Any CPU
		{5B92827B-5D2D-4B66-A42D-2A7DBF2F5DD3}.Debug|x64.ActiveCfg = Debug|Any CPU
		{5B92827B-5D2D-4B66-A42D-2A7DBF2F5DD3}.Debug|x64.Build.0 = Debug|Any CPU
		{5B92827B-5D2D-4B66-A42D-2A7DBF2F5DD3}.Debug|x86.ActiveCfg = Debug|Any CPU
		{5B92827B-5D2D-4B66-A42D-2A7DBF2F5DD3}.Debug|x86.Build.0 = Debug|Any CPU
		{5B92827B-5D2D-4B66-A42D-2A7DBF2F5DD3}.Release|Any CPU.ActiveCfg = Release|Any CPU
		{5B92827B-5D2D-4B66-A42D-2A7DBF2F5DD3}.Release|Any CPU.Build.0 = Release|Any CPU
		{5B92827B-5D2D-4B66-A42D-2A7DBF2F5DD3}.Release|ARM.ActiveCfg = Release|Any CPU
		{5B92827B-5D2D-4B66-A42D-2A7DBF2F5DD3}.Release|ARM.Build.0 = Release|Any CPU
		{5B92827B-5D2D-4B66-A42D-2A7DBF2F5DD3}.Release|iPhone.ActiveCfg = Release|Any CPU
		{5B92827B-5D2D-4B66-A42D-2A7DBF2F5DD3}.Release|iPhone.Build.0 = Release|Any CPU
		{5B92827B-5D2D-4B66-A42D-2A7DBF2F5DD3}.Release|iPhoneSimulator.ActiveCfg = Release|Any CPU
		{5B92827B-5D2D-4B66-A42D-2A7DBF2F5DD3}.Release|iPhoneSimulator.Build.0 = Release|Any CPU
		{5B92827B-5D2D-4B66-A42D-2A7DBF2F5DD3}.Release|x64.ActiveCfg = Release|Any CPU
		{5B92827B-5D2D-4B66-A42D-2A7DBF2F5DD3}.Release|x64.Build.0 = Release|Any CPU
		{5B92827B-5D2D-4B66-A42D-2A7DBF2F5DD3}.Release|x86.ActiveCfg = Release|Any CPU
		{5B92827B-5D2D-4B66-A42D-2A7DBF2F5DD3}.Release|x86.Build.0 = Release|Any CPU
	EndGlobalSection
	GlobalSection(SolutionProperties) = preSolution
		HideSolutionNode = FALSE
	EndGlobalSection
	GlobalSection(ExtensibilityGlobals) = postSolution
		SolutionGuid = {01D207E1-D7E7-42B8-80C6-223F40AD1033}
	EndGlobalSection
EndGlobal
