
Microsoft Visual Studio Solution File, Format Version 12.00
# Visual Studio 15
VisualStudioVersion = 15.0.28307.271
MinimumVisualStudioVersion = 10.0.40219.1
Project("{FAE04EC0-301F-11D3-BF4B-00C04F79EFBC}") = "NavigationSearch.Android", "NavigationSearch\NavigationSearch.Android\NavigationSearch.Android.csproj", "{372FCDB3-3B66-405C-A921-EDCCDE8E2F18}"
EndProject
Project("{FAE04EC0-301F-11D3-BF4B-00C04F79EFBC}") = "NavigationSearch.iOS", "NavigationSearch\NavigationSearch.iOS\NavigationSearch.iOS.csproj", "{FB760DA7-DB73-4388-B71E-0E239D825288}"
EndProject
Project("{FAE04EC0-301F-11D3-BF4B-00C04F79EFBC}") = "NavigationSearch", "NavigationSearch\NavigationSearch\NavigationSearch.csproj", "{EEC899DE-5958-4E64-B399-6264E901425B}"
EndProject
Global
	GlobalSection(SolutionConfigurationPlatforms) = preSolution
		Ad-Hoc|Any CPU = Ad-Hoc|Any CPU
		Ad-Hoc|iPhone = Ad-Hoc|iPhone
		Ad-Hoc|iPhoneSimulator = Ad-Hoc|iPhoneSimulator
		AppStore|Any CPU = AppStore|Any CPU
		AppStore|iPhone = AppStore|iPhone
		AppStore|iPhoneSimulator = AppStore|iPhoneSimulator
		Debug|Any CPU = Debug|Any CPU
		Debug|iPhone = Debug|iPhone
		Debug|iPhoneSimulator = Debug|iPhoneSimulator
		Release|Any CPU = Release|Any CPU
		Release|iPhone = Release|iPhone
		Release|iPhoneSimulator = Release|iPhoneSimulator
	EndGlobalSection
	GlobalSection(ProjectConfigurationPlatforms) = postSolution
		{372FCDB3-3B66-405C-A921-EDCCDE8E2F18}.Ad-Hoc|Any CPU.ActiveCfg = Release|Any CPU
		{372FCDB3-3B66-405C-A921-EDCCDE8E2F18}.Ad-Hoc|Any CPU.Build.0 = Release|Any CPU
		{372FCDB3-3B66-405C-A921-EDCCDE8E2F18}.Ad-Hoc|Any CPU.Deploy.0 = Release|Any CPU
		{372FCDB3-3B66-405C-A921-EDCCDE8E2F18}.Ad-Hoc|iPhone.ActiveCfg = Release|Any CPU
		{372FCDB3-3B66-405C-A921-EDCCDE8E2F18}.Ad-Hoc|iPhone.Build.0 = Release|Any CPU
		{372FCDB3-3B66-405C-A921-EDCCDE8E2F18}.Ad-Hoc|iPhone.Deploy.0 = Release|Any CPU
		{372FCDB3-3B66-405C-A921-EDCCDE8E2F18}.Ad-Hoc|iPhoneSimulator.ActiveCfg = Release|Any CPU
		{372FCDB3-3B66-405C-A921-EDCCDE8E2F18}.Ad-Hoc|iPhoneSimulator.Build.0 = Release|Any CPU
		{372FCDB3-3B66-405C-A921-EDCCDE8E2F18}.Ad-Hoc|iPhoneSimulator.Deploy.0 = Release|Any CPU
		{372FCDB3-3B66-405C-A921-EDCCDE8E2F18}.AppStore|Any CPU.ActiveCfg = Release|Any CPU
		{372FCDB3-3B66-405C-A921-EDCCDE8E2F18}.AppStore|Any CPU.Build.0 = Release|Any CPU
		{372FCDB3-3B66-405C-A921-EDCCDE8E2F18}.AppStore|Any CPU.Deploy.0 = Release|Any CPU
		{372FCDB3-3B66-405C-A921-EDCCDE8E2F18}.AppStore|iPhone.ActiveCfg = Release|Any CPU
		{372FCDB3-3B66-405C-A921-EDCCDE8E2F18}.AppStore|iPhone.Build.0 = Release|Any CPU
		{372FCDB3-3B66-405C-A921-EDCCDE8E2F18}.AppStore|iPhone.Deploy.0 = Release|Any CPU
		{372FCDB3-3B66-405C-A921-EDCCDE8E2F18}.AppStore|iPhoneSimulator.ActiveCfg = Release|Any CPU
		{372FCDB3-3B66-405C-A921-EDCCDE8E2F18}.AppStore|iPhoneSimulator.Build.0 = Release|Any CPU
		{372FCDB3-3B66-405C-A921-EDCCDE8E2F18}.AppStore|iPhoneSimulator.Deploy.0 = Release|Any CPU
		{372FCDB3-3B66-405C-A921-EDCCDE8E2F18}.Debug|Any CPU.ActiveCfg = Debug|Any CPU
		{372FCDB3-3B66-405C-A921-EDCCDE8E2F18}.Debug|Any CPU.Build.0 = Debug|Any CPU
		{372FCDB3-3B66-405C-A921-EDCCDE8E2F18}.Debug|Any CPU.Deploy.0 = Debug|Any CPU
		{372FCDB3-3B66-405C-A921-EDCCDE8E2F18}.Debug|iPhone.ActiveCfg = Debug|Any CPU
		{372FCDB3-3B66-405C-A921-EDCCDE8E2F18}.Debug|iPhone.Build.0 = Debug|Any CPU
		{372FCDB3-3B66-405C-A921-EDCCDE8E2F18}.Debug|iPhone.Deploy.0 = Debug|Any CPU
		{372FCDB3-3B66-405C-A921-EDCCDE8E2F18}.Debug|iPhoneSimulator.ActiveCfg = Debug|Any CPU
		{372FCDB3-3B66-405C-A921-EDCCDE8E2F18}.Debug|iPhoneSimulator.Build.0 = Debug|Any CPU
		{372FCDB3-3B66-405C-A921-EDCCDE8E2F18}.Debug|iPhoneSimulator.Deploy.0 = Debug|Any CPU
		{372FCDB3-3B66-405C-A921-EDCCDE8E2F18}.Release|Any CPU.ActiveCfg = Release|Any CPU
		{372FCDB3-3B66-405C-A921-EDCCDE8E2F18}.Release|Any CPU.Build.0 = Release|Any CPU
		{372FCDB3-3B66-405C-A921-EDCCDE8E2F18}.Release|Any CPU.Deploy.0 = Release|Any CPU
		{372FCDB3-3B66-405C-A921-EDCCDE8E2F18}.Release|iPhone.ActiveCfg = Release|Any CPU
		{372FCDB3-3B66-405C-A921-EDCCDE8E2F18}.Release|iPhone.Build.0 = Release|Any CPU
		{372FCDB3-3B66-405C-A921-EDCCDE8E2F18}.Release|iPhone.Deploy.0 = Release|Any CPU
		{372FCDB3-3B66-405C-A921-EDCCDE8E2F18}.Release|iPhoneSimulator.ActiveCfg = Release|Any CPU
		{372FCDB3-3B66-405C-A921-EDCCDE8E2F18}.Release|iPhoneSimulator.Build.0 = Release|Any CPU
		{372FCDB3-3B66-405C-A921-EDCCDE8E2F18}.Release|iPhoneSimulator.Deploy.0 = Release|Any CPU
		{FB760DA7-DB73-4388-B71E-0E239D825288}.Ad-Hoc|Any CPU.ActiveCfg = Ad-Hoc|iPhone
		{FB760DA7-DB73-4388-B71E-0E239D825288}.Ad-Hoc|Any CPU.Build.0 = Ad-Hoc|iPhone
		{FB760DA7-DB73-4388-B71E-0E239D825288}.Ad-Hoc|Any CPU.Deploy.0 = Ad-Hoc|iPhone
		{FB760DA7-DB73-4388-B71E-0E239D825288}.Ad-Hoc|iPhone.ActiveCfg = Ad-Hoc|iPhone
		{FB760DA7-DB73-4388-B71E-0E239D825288}.Ad-Hoc|iPhone.Build.0 = Ad-Hoc|iPhone
		{FB760DA7-DB73-4388-B71E-0E239D825288}.Ad-Hoc|iPhone.Deploy.0 = Ad-Hoc|iPhone
		{FB760DA7-DB73-4388-B71E-0E239D825288}.Ad-Hoc|iPhoneSimulator.ActiveCfg = Ad-Hoc|iPhoneSimulator
		{FB760DA7-DB73-4388-B71E-0E239D825288}.Ad-Hoc|iPhoneSimulator.Build.0 = Ad-Hoc|iPhoneSimulator
		{FB760DA7-DB73-4388-B71E-0E239D825288}.Ad-Hoc|iPhoneSimulator.Deploy.0 = Ad-Hoc|iPhoneSimulator
		{FB760DA7-DB73-4388-B71E-0E239D825288}.AppStore|Any CPU.ActiveCfg = AppStore|iPhone
		{FB760DA7-DB73-4388-B71E-0E239D825288}.AppStore|Any CPU.Build.0 = AppStore|iPhone
		{FB760DA7-DB73-4388-B71E-0E239D825288}.AppStore|Any CPU.Deploy.0 = AppStore|iPhone
		{FB760DA7-DB73-4388-B71E-0E239D825288}.AppStore|iPhone.ActiveCfg = AppStore|iPhone
		{FB760DA7-DB73-4388-B71E-0E239D825288}.AppStore|iPhone.Build.0 = AppStore|iPhone
		{FB760DA7-DB73-4388-B71E-0E239D825288}.AppStore|iPhone.Deploy.0 = AppStore|iPhone
		{FB760DA7-DB73-4388-B71E-0E239D825288}.AppStore|iPhoneSimulator.ActiveCfg = AppStore|iPhoneSimulator
		{FB760DA7-DB73-4388-B71E-0E239D825288}.AppStore|iPhoneSimulator.Build.0 = AppStore|iPhoneSimulator
		{FB760DA7-DB73-4388-B71E-0E239D825288}.AppStore|iPhoneSimulator.Deploy.0 = AppStore|iPhoneSimulator
		{FB760DA7-DB73-4388-B71E-0E239D825288}.Debug|Any CPU.ActiveCfg = Debug|iPhoneSimulator
		{FB760DA7-DB73-4388-B71E-0E239D825288}.Debug|Any CPU.Build.0 = Debug|iPhoneSimulator
		{FB760DA7-DB73-4388-B71E-0E239D825288}.Debug|Any CPU.Deploy.0 = Debug|iPhoneSimulator
		{FB760DA7-DB73-4388-B71E-0E239D825288}.Debug|iPhone.ActiveCfg = Debug|iPhone
		{FB760DA7-DB73-4388-B71E-0E239D825288}.Debug|iPhone.Build.0 = Debug|iPhone
		{FB760DA7-DB73-4388-B71E-0E239D825288}.Debug|iPhone.Deploy.0 = Debug|iPhone
		{FB760DA7-DB73-4388-B71E-0E239D825288}.Debug|iPhoneSimulator.ActiveCfg = Debug|iPhoneSimulator
		{FB760DA7-DB73-4388-B71E-0E239D825288}.Debug|iPhoneSimulator.Build.0 = Debug|iPhoneSimulator
		{FB760DA7-DB73-4388-B71E-0E239D825288}.Debug|iPhoneSimulator.Deploy.0 = Debug|iPhoneSimulator
		{FB760DA7-DB73-4388-B71E-0E239D825288}.Release|Any CPU.ActiveCfg = Release|iPhone
		{FB760DA7-DB73-4388-B71E-0E239D825288}.Release|Any CPU.Build.0 = Release|iPhone
		{FB760DA7-DB73-4388-B71E-0E239D825288}.Release|Any CPU.Deploy.0 = Release|iPhone
		{FB760DA7-DB73-4388-B71E-0E239D825288}.Release|iPhone.ActiveCfg = Release|iPhone
		{FB760DA7-DB73-4388-B71E-0E239D825288}.Release|iPhone.Build.0 = Release|iPhone
		{FB760DA7-DB73-4388-B71E-0E239D825288}.Release|iPhone.Deploy.0 = Release|iPhone
		{FB760DA7-DB73-4388-B71E-0E239D825288}.Release|iPhoneSimulator.ActiveCfg = Release|iPhoneSimulator
		{FB760DA7-DB73-4388-B71E-0E239D825288}.Release|iPhoneSimulator.Build.0 = Release|iPhoneSimulator
		{FB760DA7-DB73-4388-B71E-0E239D825288}.Release|iPhoneSimulator.Deploy.0 = Release|iPhoneSimulator
		{EEC899DE-5958-4E64-B399-6264E901425B}.Ad-Hoc|Any CPU.ActiveCfg = Debug|Any CPU
		{EEC899DE-5958-4E64-B399-6264E901425B}.Ad-Hoc|Any CPU.Build.0 = Debug|Any CPU
		{EEC899DE-5958-4E64-B399-6264E901425B}.Ad-Hoc|Any CPU.Deploy.0 = Debug|Any CPU
		{EEC899DE-5958-4E64-B399-6264E901425B}.Ad-Hoc|iPhone.ActiveCfg = Debug|Any CPU
		{EEC899DE-5958-4E64-B399-6264E901425B}.Ad-Hoc|iPhone.Build.0 = Debug|Any CPU
		{EEC899DE-5958-4E64-B399-6264E901425B}.Ad-Hoc|iPhone.Deploy.0 = Debug|Any CPU
		{EEC899DE-5958-4E64-B399-6264E901425B}.Ad-Hoc|iPhoneSimulator.ActiveCfg = Debug|Any CPU
		{EEC899DE-5958-4E64-B399-6264E901425B}.Ad-Hoc|iPhoneSimulator.Build.0 = Debug|Any CPU
		{EEC899DE-5958-4E64-B399-6264E901425B}.Ad-Hoc|iPhoneSimulator.Deploy.0 = Debug|Any CPU
		{EEC899DE-5958-4E64-B399-6264E901425B}.AppStore|Any CPU.ActiveCfg = Debug|Any CPU
		{EEC899DE-5958-4E64-B399-6264E901425B}.AppStore|Any CPU.Build.0 = Debug|Any CPU
		{EEC899DE-5958-4E64-B399-6264E901425B}.AppStore|Any CPU.Deploy.0 = Debug|Any CPU
		{EEC899DE-5958-4E64-B399-6264E901425B}.AppStore|iPhone.ActiveCfg = Debug|Any CPU
		{EEC899DE-5958-4E64-B399-6264E901425B}.AppStore|iPhone.Build.0 = Debug|Any CPU
		{EEC899DE-5958-4E64-B399-6264E901425B}.AppStore|iPhone.Deploy.0 = Debug|Any CPU
		{EEC899DE-5958-4E64-B399-6264E901425B}.AppStore|iPhoneSimulator.ActiveCfg = Debug|Any CPU
		{EEC899DE-5958-4E64-B399-6264E901425B}.AppStore|iPhoneSimulator.Build.0 = Debug|Any CPU
		{EEC899DE-5958-4E64-B399-6264E901425B}.AppStore|iPhoneSimulator.Deploy.0 = Debug|Any CPU
		{EEC899DE-5958-4E64-B399-6264E901425B}.Debug|Any CPU.ActiveCfg = Debug|Any CPU
		{EEC899DE-5958-4E64-B399-6264E901425B}.Debug|Any CPU.Build.0 = Debug|Any CPU
		{EEC899DE-5958-4E64-B399-6264E901425B}.Debug|Any CPU.Deploy.0 = Debug|Any CPU
		{EEC899DE-5958-4E64-B399-6264E901425B}.Debug|iPhone.ActiveCfg = Debug|Any CPU
		{EEC899DE-5958-4E64-B399-6264E901425B}.Debug|iPhone.Build.0 = Debug|Any CPU
		{EEC899DE-5958-4E64-B399-6264E901425B}.Debug|iPhone.Deploy.0 = Debug|Any CPU
		{EEC899DE-5958-4E64-B399-6264E901425B}.Debug|iPhoneSimulator.ActiveCfg = Debug|Any CPU
		{EEC899DE-5958-4E64-B399-6264E901425B}.Debug|iPhoneSimulator.Build.0 = Debug|Any CPU
		{EEC899DE-5958-4E64-B399-6264E901425B}.Debug|iPhoneSimulator.Deploy.0 = Debug|Any CPU
		{EEC899DE-5958-4E64-B399-6264E901425B}.Release|Any CPU.ActiveCfg = Release|Any CPU
		{EEC899DE-5958-4E64-B399-6264E901425B}.Release|Any CPU.Build.0 = Release|Any CPU
		{EEC899DE-5958-4E64-B399-6264E901425B}.Release|Any CPU.Deploy.0 = Release|Any CPU
		{EEC899DE-5958-4E64-B399-6264E901425B}.Release|iPhone.ActiveCfg = Release|Any CPU
		{EEC899DE-5958-4E64-B399-6264E901425B}.Release|iPhone.Build.0 = Release|Any CPU
		{EEC899DE-5958-4E64-B399-6264E901425B}.Release|iPhone.Deploy.0 = Release|Any CPU
		{EEC899DE-5958-4E64-B399-6264E901425B}.Release|iPhoneSimulator.ActiveCfg = Release|Any CPU
		{EEC899DE-5958-4E64-B399-6264E901425B}.Release|iPhoneSimulator.Build.0 = Release|Any CPU
		{EEC899DE-5958-4E64-B399-6264E901425B}.Release|iPhoneSimulator.Deploy.0 = Release|Any CPU
	EndGlobalSection
	GlobalSection(SolutionProperties) = preSolution
		HideSolutionNode = FALSE
	EndGlobalSection
	GlobalSection(ExtensibilityGlobals) = postSolution
		SolutionGuid = {2C481D28-CC74-4385-9350-AC97C174E10D}
	EndGlobalSection
EndGlobal
