
Microsoft Visual Studio Solution File, Format Version 12.00
# Visual Studio 15
VisualStudioVersion = 15.0.28307.271
MinimumVisualStudioVersion = 10.0.40219.1
Project("{FAE04EC0-301F-11D3-BF4B-00C04F79EFBC}") = "EjemploMasterDetail.Android", "EjemploMasterDetail\EjemploMasterDetail.Android\EjemploMasterDetail.Android.csproj", "{EB3DE3A8-CA03-4C56-9D6C-B6702B46A8F5}"
EndProject
Project("{FAE04EC0-301F-11D3-BF4B-00C04F79EFBC}") = "EjemploMasterDetail.iOS", "EjemploMasterDetail\EjemploMasterDetail.iOS\EjemploMasterDetail.iOS.csproj", "{9F43BC61-4135-4882-BF56-054B5A21DFF2}"
EndProject
Project("{FAE04EC0-301F-11D3-BF4B-00C04F79EFBC}") = "EjemploMasterDetail", "EjemploMasterDetail\EjemploMasterDetail\EjemploMasterDetail.csproj", "{32F67D56-DBA9-445D-947E-C17E4F2C3A76}"
EndProject
Global
	GlobalSection(SolutionConfigurationPlatforms) = preSolution
		Ad-Hoc|Any CPU = Ad-Hoc|Any CPU
		Ad-Hoc|iPhone = Ad-Hoc|iPhone
		Ad-Hoc|iPhoneSimulator = Ad-Hoc|iPhoneSimulator
		AppStore|Any CPU = AppStore|Any CPU
		AppStore|iPhone = AppStore|iPhone
		AppStore|iPhoneSimulator = AppStore|iPhoneSimulator
		Debug|Any CPU = Debug|Any CPU
		Debug|iPhone = Debug|iPhone
		Debug|iPhoneSimulator = Debug|iPhoneSimulator
		Release|Any CPU = Release|Any CPU
		Release|iPhone = Release|iPhone
		Release|iPhoneSimulator = Release|iPhoneSimulator
	EndGlobalSection
	GlobalSection(ProjectConfigurationPlatforms) = postSolution
		{EB3DE3A8-CA03-4C56-9D6C-B6702B46A8F5}.Ad-Hoc|Any CPU.ActiveCfg = Release|Any CPU
		{EB3DE3A8-CA03-4C56-9D6C-B6702B46A8F5}.Ad-Hoc|Any CPU.Build.0 = Release|Any CPU
		{EB3DE3A8-CA03-4C56-9D6C-B6702B46A8F5}.Ad-Hoc|Any CPU.Deploy.0 = Release|Any CPU
		{EB3DE3A8-CA03-4C56-9D6C-B6702B46A8F5}.Ad-Hoc|iPhone.ActiveCfg = Release|Any CPU
		{EB3DE3A8-CA03-4C56-9D6C-B6702B46A8F5}.Ad-Hoc|iPhone.Build.0 = Release|Any CPU
		{EB3DE3A8-CA03-4C56-9D6C-B6702B46A8F5}.Ad-Hoc|iPhone.Deploy.0 = Release|Any CPU
		{EB3DE3A8-CA03-4C56-9D6C-B6702B46A8F5}.Ad-Hoc|iPhoneSimulator.ActiveCfg = Release|Any CPU
		{EB3DE3A8-CA03-4C56-9D6C-B6702B46A8F5}.Ad-Hoc|iPhoneSimulator.Build.0 = Release|Any CPU
		{EB3DE3A8-CA03-4C56-9D6C-B6702B46A8F5}.Ad-Hoc|iPhoneSimulator.Deploy.0 = Release|Any CPU
		{EB3DE3A8-CA03-4C56-9D6C-B6702B46A8F5}.AppStore|Any CPU.ActiveCfg = Release|Any CPU
		{EB3DE3A8-CA03-4C56-9D6C-B6702B46A8F5}.AppStore|Any CPU.Build.0 = Release|Any CPU
		{EB3DE3A8-CA03-4C56-9D6C-B6702B46A8F5}.AppStore|Any CPU.Deploy.0 = Release|Any CPU
		{EB3DE3A8-CA03-4C56-9D6C-B6702B46A8F5}.AppStore|iPhone.ActiveCfg = Release|Any CPU
		{EB3DE3A8-CA03-4C56-9D6C-B6702B46A8F5}.AppStore|iPhone.Build.0 = Release|Any CPU
		{EB3DE3A8-CA03-4C56-9D6C-B6702B46A8F5}.AppStore|iPhone.Deploy.0 = Release|Any CPU
		{EB3DE3A8-CA03-4C56-9D6C-B6702B46A8F5}.AppStore|iPhoneSimulator.ActiveCfg = Release|Any CPU
		{EB3DE3A8-CA03-4C56-9D6C-B6702B46A8F5}.AppStore|iPhoneSimulator.Build.0 = Release|Any CPU
		{EB3DE3A8-CA03-4C56-9D6C-B6702B46A8F5}.AppStore|iPhoneSimulator.Deploy.0 = Release|Any CPU
		{EB3DE3A8-CA03-4C56-9D6C-B6702B46A8F5}.Debug|Any CPU.ActiveCfg = Debug|Any CPU
		{EB3DE3A8-CA03-4C56-9D6C-B6702B46A8F5}.Debug|Any CPU.Build.0 = Debug|Any CPU
		{EB3DE3A8-CA03-4C56-9D6C-B6702B46A8F5}.Debug|Any CPU.Deploy.0 = Debug|Any CPU
		{EB3DE3A8-CA03-4C56-9D6C-B6702B46A8F5}.Debug|iPhone.ActiveCfg = Debug|Any CPU
		{EB3DE3A8-CA03-4C56-9D6C-B6702B46A8F5}.Debug|iPhone.Build.0 = Debug|Any CPU
		{EB3DE3A8-CA03-4C56-9D6C-B6702B46A8F5}.Debug|iPhone.Deploy.0 = Debug|Any CPU
		{EB3DE3A8-CA03-4C56-9D6C-B6702B46A8F5}.Debug|iPhoneSimulator.ActiveCfg = Debug|Any CPU
		{EB3DE3A8-CA03-4C56-9D6C-B6702B46A8F5}.Debug|iPhoneSimulator.Build.0 = Debug|Any CPU
		{EB3DE3A8-CA03-4C56-9D6C-B6702B46A8F5}.Debug|iPhoneSimulator.Deploy.0 = Debug|Any CPU
		{EB3DE3A8-CA03-4C56-9D6C-B6702B46A8F5}.Release|Any CPU.ActiveCfg = Release|Any CPU
		{EB3DE3A8-CA03-4C56-9D6C-B6702B46A8F5}.Release|Any CPU.Build.0 = Release|Any CPU
		{EB3DE3A8-CA03-4C56-9D6C-B6702B46A8F5}.Release|Any CPU.Deploy.0 = Release|Any CPU
		{EB3DE3A8-CA03-4C56-9D6C-B6702B46A8F5}.Release|iPhone.ActiveCfg = Release|Any CPU
		{EB3DE3A8-CA03-4C56-9D6C-B6702B46A8F5}.Release|iPhone.Build.0 = Release|Any CPU
		{EB3DE3A8-CA03-4C56-9D6C-B6702B46A8F5}.Release|iPhone.Deploy.0 = Release|Any CPU
		{EB3DE3A8-CA03-4C56-9D6C-B6702B46A8F5}.Release|iPhoneSimulator.ActiveCfg = Release|Any CPU
		{EB3DE3A8-CA03-4C56-9D6C-B6702B46A8F5}.Release|iPhoneSimulator.Build.0 = Release|Any CPU
		{EB3DE3A8-CA03-4C56-9D6C-B6702B46A8F5}.Release|iPhoneSimulator.Deploy.0 = Release|Any CPU
		{9F43BC61-4135-4882-BF56-054B5A21DFF2}.Ad-Hoc|Any CPU.ActiveCfg = Ad-Hoc|iPhone
		{9F43BC61-4135-4882-BF56-054B5A21DFF2}.Ad-Hoc|Any CPU.Build.0 = Ad-Hoc|iPhone
		{9F43BC61-4135-4882-BF56-054B5A21DFF2}.Ad-Hoc|Any CPU.Deploy.0 = Ad-Hoc|iPhone
		{9F43BC61-4135-4882-BF56-054B5A21DFF2}.Ad-Hoc|iPhone.ActiveCfg = Ad-Hoc|iPhone
		{9F43BC61-4135-4882-BF56-054B5A21DFF2}.Ad-Hoc|iPhone.Build.0 = Ad-Hoc|iPhone
		{9F43BC61-4135-4882-BF56-054B5A21DFF2}.Ad-Hoc|iPhone.Deploy.0 = Ad-Hoc|iPhone
		{9F43BC61-4135-4882-BF56-054B5A21DFF2}.Ad-Hoc|iPhoneSimulator.ActiveCfg = Ad-Hoc|iPhoneSimulator
		{9F43BC61-4135-4882-BF56-054B5A21DFF2}.Ad-Hoc|iPhoneSimulator.Build.0 = Ad-Hoc|iPhoneSimulator
		{9F43BC61-4135-4882-BF56-054B5A21DFF2}.Ad-Hoc|iPhoneSimulator.Deploy.0 = Ad-Hoc|iPhoneSimulator
		{9F43BC61-4135-4882-BF56-054B5A21DFF2}.AppStore|Any CPU.ActiveCfg = AppStore|iPhone
		{9F43BC61-4135-4882-BF56-054B5A21DFF2}.AppStore|Any CPU.Build.0 = AppStore|iPhone
		{9F43BC61-4135-4882-BF56-054B5A21DFF2}.AppStore|Any CPU.Deploy.0 = AppStore|iPhone
		{9F43BC61-4135-4882-BF56-054B5A21DFF2}.AppStore|iPhone.ActiveCfg = AppStore|iPhone
		{9F43BC61-4135-4882-BF56-054B5A21DFF2}.AppStore|iPhone.Build.0 = AppStore|iPhone
		{9F43BC61-4135-4882-BF56-054B5A21DFF2}.AppStore|iPhone.Deploy.0 = AppStore|iPhone
		{9F43BC61-4135-4882-BF56-054B5A21DFF2}.AppStore|iPhoneSimulator.ActiveCfg = AppStore|iPhoneSimulator
		{9F43BC61-4135-4882-BF56-054B5A21DFF2}.AppStore|iPhoneSimulator.Build.0 = AppStore|iPhoneSimulator
		{9F43BC61-4135-4882-BF56-054B5A21DFF2}.AppStore|iPhoneSimulator.Deploy.0 = AppStore|iPhoneSimulator
		{9F43BC61-4135-4882-BF56-054B5A21DFF2}.Debug|Any CPU.ActiveCfg = Debug|iPhoneSimulator
		{9F43BC61-4135-4882-BF56-054B5A21DFF2}.Debug|Any CPU.Build.0 = Debug|iPhoneSimulator
		{9F43BC61-4135-4882-BF56-054B5A21DFF2}.Debug|Any CPU.Deploy.0 = Debug|iPhoneSimulator
		{9F43BC61-4135-4882-BF56-054B5A21DFF2}.Debug|iPhone.ActiveCfg = Debug|iPhone
		{9F43BC61-4135-4882-BF56-054B5A21DFF2}.Debug|iPhone.Build.0 = Debug|iPhone
		{9F43BC61-4135-4882-BF56-054B5A21DFF2}.Debug|iPhone.Deploy.0 = Debug|iPhone
		{9F43BC61-4135-4882-BF56-054B5A21DFF2}.Debug|iPhoneSimulator.ActiveCfg = Debug|iPhoneSimulator
		{9F43BC61-4135-4882-BF56-054B5A21DFF2}.Debug|iPhoneSimulator.Build.0 = Debug|iPhoneSimulator
		{9F43BC61-4135-4882-BF56-054B5A21DFF2}.Debug|iPhoneSimulator.Deploy.0 = Debug|iPhoneSimulator
		{9F43BC61-4135-4882-BF56-054B5A21DFF2}.Release|Any CPU.ActiveCfg = Release|iPhone
		{9F43BC61-4135-4882-BF56-054B5A21DFF2}.Release|Any CPU.Build.0 = Release|iPhone
		{9F43BC61-4135-4882-BF56-054B5A21DFF2}.Release|Any CPU.Deploy.0 = Release|iPhone
		{9F43BC61-4135-4882-BF56-054B5A21DFF2}.Release|iPhone.ActiveCfg = Release|iPhone
		{9F43BC61-4135-4882-BF56-054B5A21DFF2}.Release|iPhone.Build.0 = Release|iPhone
		{9F43BC61-4135-4882-BF56-054B5A21DFF2}.Release|iPhone.Deploy.0 = Release|iPhone
		{9F43BC61-4135-4882-BF56-054B5A21DFF2}.Release|iPhoneSimulator.ActiveCfg = Release|iPhoneSimulator
		{9F43BC61-4135-4882-BF56-054B5A21DFF2}.Release|iPhoneSimulator.Build.0 = Release|iPhoneSimulator
		{9F43BC61-4135-4882-BF56-054B5A21DFF2}.Release|iPhoneSimulator.Deploy.0 = Release|iPhoneSimulator
		{32F67D56-DBA9-445D-947E-C17E4F2C3A76}.Ad-Hoc|Any CPU.ActiveCfg = Debug|Any CPU
		{32F67D56-DBA9-445D-947E-C17E4F2C3A76}.Ad-Hoc|Any CPU.Build.0 = Debug|Any CPU
		{32F67D56-DBA9-445D-947E-C17E4F2C3A76}.Ad-Hoc|Any CPU.Deploy.0 = Debug|Any CPU
		{32F67D56-DBA9-445D-947E-C17E4F2C3A76}.Ad-Hoc|iPhone.ActiveCfg = Debug|Any CPU
		{32F67D56-DBA9-445D-947E-C17E4F2C3A76}.Ad-Hoc|iPhone.Build.0 = Debug|Any CPU
		{32F67D56-DBA9-445D-947E-C17E4F2C3A76}.Ad-Hoc|iPhone.Deploy.0 = Debug|Any CPU
		{32F67D56-DBA9-445D-947E-C17E4F2C3A76}.Ad-Hoc|iPhoneSimulator.ActiveCfg = Debug|Any CPU
		{32F67D56-DBA9-445D-947E-C17E4F2C3A76}.Ad-Hoc|iPhoneSimulator.Build.0 = Debug|Any CPU
		{32F67D56-DBA9-445D-947E-C17E4F2C3A76}.Ad-Hoc|iPhoneSimulator.Deploy.0 = Debug|Any CPU
		{32F67D56-DBA9-445D-947E-C17E4F2C3A76}.AppStore|Any CPU.ActiveCfg = Debug|Any CPU
		{32F67D56-DBA9-445D-947E-C17E4F2C3A76}.AppStore|Any CPU.Build.0 = Debug|Any CPU
		{32F67D56-DBA9-445D-947E-C17E4F2C3A76}.AppStore|Any CPU.Deploy.0 = Debug|Any CPU
		{32F67D56-DBA9-445D-947E-C17E4F2C3A76}.AppStore|iPhone.ActiveCfg = Debug|Any CPU
		{32F67D56-DBA9-445D-947E-C17E4F2C3A76}.AppStore|iPhone.Build.0 = Debug|Any CPU
		{32F67D56-DBA9-445D-947E-C17E4F2C3A76}.AppStore|iPhone.Deploy.0 = Debug|Any CPU
		{32F67D56-DBA9-445D-947E-C17E4F2C3A76}.AppStore|iPhoneSimulator.ActiveCfg = Debug|Any CPU
		{32F67D56-DBA9-445D-947E-C17E4F2C3A76}.AppStore|iPhoneSimulator.Build.0 = Debug|Any CPU
		{32F67D56-DBA9-445D-947E-C17E4F2C3A76}.AppStore|iPhoneSimulator.Deploy.0 = Debug|Any CPU
		{32F67D56-DBA9-445D-947E-C17E4F2C3A76}.Debug|Any CPU.ActiveCfg = Debug|Any CPU
		{32F67D56-DBA9-445D-947E-C17E4F2C3A76}.Debug|Any CPU.Build.0 = Debug|Any CPU
		{32F67D56-DBA9-445D-947E-C17E4F2C3A76}.Debug|Any CPU.Deploy.0 = Debug|Any CPU
		{32F67D56-DBA9-445D-947E-C17E4F2C3A76}.Debug|iPhone.ActiveCfg = Debug|Any CPU
		{32F67D56-DBA9-445D-947E-C17E4F2C3A76}.Debug|iPhone.Build.0 = Debug|Any CPU
		{32F67D56-DBA9-445D-947E-C17E4F2C3A76}.Debug|iPhone.Deploy.0 = Debug|Any CPU
		{32F67D56-DBA9-445D-947E-C17E4F2C3A76}.Debug|iPhoneSimulator.ActiveCfg = Debug|Any CPU
		{32F67D56-DBA9-445D-947E-C17E4F2C3A76}.Debug|iPhoneSimulator.Build.0 = Debug|Any CPU
		{32F67D56-DBA9-445D-947E-C17E4F2C3A76}.Debug|iPhoneSimulator.Deploy.0 = Debug|Any CPU
		{32F67D56-DBA9-445D-947E-C17E4F2C3A76}.Release|Any CPU.ActiveCfg = Release|Any CPU
		{32F67D56-DBA9-445D-947E-C17E4F2C3A76}.Release|Any CPU.Build.0 = Release|Any CPU
		{32F67D56-DBA9-445D-947E-C17E4F2C3A76}.Release|Any CPU.Deploy.0 = Release|Any CPU
		{32F67D56-DBA9-445D-947E-C17E4F2C3A76}.Release|iPhone.ActiveCfg = Release|Any CPU
		{32F67D56-DBA9-445D-947E-C17E4F2C3A76}.Release|iPhone.Build.0 = Release|Any CPU
		{32F67D56-DBA9-445D-947E-C17E4F2C3A76}.Release|iPhone.Deploy.0 = Release|Any CPU
		{32F67D56-DBA9-445D-947E-C17E4F2C3A76}.Release|iPhoneSimulator.ActiveCfg = Release|Any CPU
		{32F67D56-DBA9-445D-947E-C17E4F2C3A76}.Release|iPhoneSimulator.Build.0 = Release|Any CPU
		{32F67D56-DBA9-445D-947E-C17E4F2C3A76}.Release|iPhoneSimulator.Deploy.0 = Release|Any CPU
	EndGlobalSection
	GlobalSection(SolutionProperties) = preSolution
		HideSolutionNode = FALSE
	EndGlobalSection
	GlobalSection(ExtensibilityGlobals) = postSolution
		SolutionGuid = {1B97847C-C991-4C1B-AD29-4DE9871E3ECA}
	EndGlobalSection
EndGlobal
