
Microsoft Visual Studio Solution File, Format Version 12.00
# Visual Studio 15
VisualStudioVersion = 15.0.28307.168
MinimumVisualStudioVersion = 10.0.40219.1
Project("{FAE04EC0-301F-11D3-BF4B-00C04F79EFBC}") = "PruebaCamara.Android", "PruebaCamara\PruebaCamara.Android\PruebaCamara.Android.csproj", "{A7E8AD41-FFDB-4F90-931F-A6DFA8A1AD97}"
EndProject
Project("{FAE04EC0-301F-11D3-BF4B-00C04F79EFBC}") = "PruebaCamara.iOS", "PruebaCamara\PruebaCamara.iOS\PruebaCamara.iOS.csproj", "{F8F39BF1-4E2C-46D5-84AD-CD6258E358A5}"
EndProject
Project("{9A19103F-16F7-4668-BE54-9A1E7A4F7556}") = "PruebaCamara", "PruebaCamara\PruebaCamara\PruebaCamara.csproj", "{730448D2-39C0-4E92-BC4F-D66F874FC4B7}"
EndProject
Global
	GlobalSection(SolutionConfigurationPlatforms) = preSolution
		Ad-Hoc|Any CPU = Ad-Hoc|Any CPU
		Ad-Hoc|iPhone = Ad-Hoc|iPhone
		Ad-Hoc|iPhoneSimulator = Ad-Hoc|iPhoneSimulator
		AppStore|Any CPU = AppStore|Any CPU
		AppStore|iPhone = AppStore|iPhone
		AppStore|iPhoneSimulator = AppStore|iPhoneSimulator
		Debug|Any CPU = Debug|Any CPU
		Debug|iPhone = Debug|iPhone
		Debug|iPhoneSimulator = Debug|iPhoneSimulator
		Release|Any CPU = Release|Any CPU
		Release|iPhone = Release|iPhone
		Release|iPhoneSimulator = Release|iPhoneSimulator
	EndGlobalSection
	GlobalSection(ProjectConfigurationPlatforms) = postSolution
		{A7E8AD41-FFDB-4F90-931F-A6DFA8A1AD97}.Ad-Hoc|Any CPU.ActiveCfg = Release|Any CPU
		{A7E8AD41-FFDB-4F90-931F-A6DFA8A1AD97}.Ad-Hoc|Any CPU.Build.0 = Release|Any CPU
		{A7E8AD41-FFDB-4F90-931F-A6DFA8A1AD97}.Ad-Hoc|Any CPU.Deploy.0 = Release|Any CPU
		{A7E8AD41-FFDB-4F90-931F-A6DFA8A1AD97}.Ad-Hoc|iPhone.ActiveCfg = Release|Any CPU
		{A7E8AD41-FFDB-4F90-931F-A6DFA8A1AD97}.Ad-Hoc|iPhone.Build.0 = Release|Any CPU
		{A7E8AD41-FFDB-4F90-931F-A6DFA8A1AD97}.Ad-Hoc|iPhone.Deploy.0 = Release|Any CPU
		{A7E8AD41-FFDB-4F90-931F-A6DFA8A1AD97}.Ad-Hoc|iPhoneSimulator.ActiveCfg = Release|Any CPU
		{A7E8AD41-FFDB-4F90-931F-A6DFA8A1AD97}.Ad-Hoc|iPhoneSimulator.Build.0 = Release|Any CPU
		{A7E8AD41-FFDB-4F90-931F-A6DFA8A1AD97}.Ad-Hoc|iPhoneSimulator.Deploy.0 = Release|Any CPU
		{A7E8AD41-FFDB-4F90-931F-A6DFA8A1AD97}.AppStore|Any CPU.ActiveCfg = Release|Any CPU
		{A7E8AD41-FFDB-4F90-931F-A6DFA8A1AD97}.AppStore|Any CPU.Build.0 = Release|Any CPU
		{A7E8AD41-FFDB-4F90-931F-A6DFA8A1AD97}.AppStore|Any CPU.Deploy.0 = Release|Any CPU
		{A7E8AD41-FFDB-4F90-931F-A6DFA8A1AD97}.AppStore|iPhone.ActiveCfg = Release|Any CPU
		{A7E8AD41-FFDB-4F90-931F-A6DFA8A1AD97}.AppStore|iPhone.Build.0 = Release|Any CPU
		{A7E8AD41-FFDB-4F90-931F-A6DFA8A1AD97}.AppStore|iPhone.Deploy.0 = Release|Any CPU
		{A7E8AD41-FFDB-4F90-931F-A6DFA8A1AD97}.AppStore|iPhoneSimulator.ActiveCfg = Release|Any CPU
		{A7E8AD41-FFDB-4F90-931F-A6DFA8A1AD97}.AppStore|iPhoneSimulator.Build.0 = Release|Any CPU
		{A7E8AD41-FFDB-4F90-931F-A6DFA8A1AD97}.AppStore|iPhoneSimulator.Deploy.0 = Release|Any CPU
		{A7E8AD41-FFDB-4F90-931F-A6DFA8A1AD97}.Debug|Any CPU.ActiveCfg = Debug|Any CPU
		{A7E8AD41-FFDB-4F90-931F-A6DFA8A1AD97}.Debug|Any CPU.Build.0 = Debug|Any CPU
		{A7E8AD41-FFDB-4F90-931F-A6DFA8A1AD97}.Debug|Any CPU.Deploy.0 = Debug|Any CPU
		{A7E8AD41-FFDB-4F90-931F-A6DFA8A1AD97}.Debug|iPhone.ActiveCfg = Debug|Any CPU
		{A7E8AD41-FFDB-4F90-931F-A6DFA8A1AD97}.Debug|iPhone.Build.0 = Debug|Any CPU
		{A7E8AD41-FFDB-4F90-931F-A6DFA8A1AD97}.Debug|iPhone.Deploy.0 = Debug|Any CPU
		{A7E8AD41-FFDB-4F90-931F-A6DFA8A1AD97}.Debug|iPhoneSimulator.ActiveCfg = Debug|Any CPU
		{A7E8AD41-FFDB-4F90-931F-A6DFA8A1AD97}.Debug|iPhoneSimulator.Build.0 = Debug|Any CPU
		{A7E8AD41-FFDB-4F90-931F-A6DFA8A1AD97}.Debug|iPhoneSimulator.Deploy.0 = Debug|Any CPU
		{A7E8AD41-FFDB-4F90-931F-A6DFA8A1AD97}.Release|Any CPU.ActiveCfg = Release|Any CPU
		{A7E8AD41-FFDB-4F90-931F-A6DFA8A1AD97}.Release|Any CPU.Build.0 = Release|Any CPU
		{A7E8AD41-FFDB-4F90-931F-A6DFA8A1AD97}.Release|Any CPU.Deploy.0 = Release|Any CPU
		{A7E8AD41-FFDB-4F90-931F-A6DFA8A1AD97}.Release|iPhone.ActiveCfg = Release|Any CPU
		{A7E8AD41-FFDB-4F90-931F-A6DFA8A1AD97}.Release|iPhone.Build.0 = Release|Any CPU
		{A7E8AD41-FFDB-4F90-931F-A6DFA8A1AD97}.Release|iPhone.Deploy.0 = Release|Any CPU
		{A7E8AD41-FFDB-4F90-931F-A6DFA8A1AD97}.Release|iPhoneSimulator.ActiveCfg = Release|Any CPU
		{A7E8AD41-FFDB-4F90-931F-A6DFA8A1AD97}.Release|iPhoneSimulator.Build.0 = Release|Any CPU
		{A7E8AD41-FFDB-4F90-931F-A6DFA8A1AD97}.Release|iPhoneSimulator.Deploy.0 = Release|Any CPU
		{F8F39BF1-4E2C-46D5-84AD-CD6258E358A5}.Ad-Hoc|Any CPU.ActiveCfg = Ad-Hoc|iPhone
		{F8F39BF1-4E2C-46D5-84AD-CD6258E358A5}.Ad-Hoc|Any CPU.Build.0 = Ad-Hoc|iPhone
		{F8F39BF1-4E2C-46D5-84AD-CD6258E358A5}.Ad-Hoc|Any CPU.Deploy.0 = Ad-Hoc|iPhone
		{F8F39BF1-4E2C-46D5-84AD-CD6258E358A5}.Ad-Hoc|iPhone.ActiveCfg = Ad-Hoc|iPhone
		{F8F39BF1-4E2C-46D5-84AD-CD6258E358A5}.Ad-Hoc|iPhone.Build.0 = Ad-Hoc|iPhone
		{F8F39BF1-4E2C-46D5-84AD-CD6258E358A5}.Ad-Hoc|iPhone.Deploy.0 = Ad-Hoc|iPhone
		{F8F39BF1-4E2C-46D5-84AD-CD6258E358A5}.Ad-Hoc|iPhoneSimulator.ActiveCfg = Ad-Hoc|iPhoneSimulator
		{F8F39BF1-4E2C-46D5-84AD-CD6258E358A5}.Ad-Hoc|iPhoneSimulator.Build.0 = Ad-Hoc|iPhoneSimulator
		{F8F39BF1-4E2C-46D5-84AD-CD6258E358A5}.Ad-Hoc|iPhoneSimulator.Deploy.0 = Ad-Hoc|iPhoneSimulator
		{F8F39BF1-4E2C-46D5-84AD-CD6258E358A5}.AppStore|Any CPU.ActiveCfg = AppStore|iPhone
		{F8F39BF1-4E2C-46D5-84AD-CD6258E358A5}.AppStore|Any CPU.Build.0 = AppStore|iPhone
		{F8F39BF1-4E2C-46D5-84AD-CD6258E358A5}.AppStore|Any CPU.Deploy.0 = AppStore|iPhone
		{F8F39BF1-4E2C-46D5-84AD-CD6258E358A5}.AppStore|iPhone.ActiveCfg = AppStore|iPhone
		{F8F39BF1-4E2C-46D5-84AD-CD6258E358A5}.AppStore|iPhone.Build.0 = AppStore|iPhone
		{F8F39BF1-4E2C-46D5-84AD-CD6258E358A5}.AppStore|iPhone.Deploy.0 = AppStore|iPhone
		{F8F39BF1-4E2C-46D5-84AD-CD6258E358A5}.AppStore|iPhoneSimulator.ActiveCfg = AppStore|iPhoneSimulator
		{F8F39BF1-4E2C-46D5-84AD-CD6258E358A5}.AppStore|iPhoneSimulator.Build.0 = AppStore|iPhoneSimulator
		{F8F39BF1-4E2C-46D5-84AD-CD6258E358A5}.AppStore|iPhoneSimulator.Deploy.0 = AppStore|iPhoneSimulator
		{F8F39BF1-4E2C-46D5-84AD-CD6258E358A5}.Debug|Any CPU.ActiveCfg = Debug|iPhoneSimulator
		{F8F39BF1-4E2C-46D5-84AD-CD6258E358A5}.Debug|Any CPU.Build.0 = Debug|iPhoneSimulator
		{F8F39BF1-4E2C-46D5-84AD-CD6258E358A5}.Debug|Any CPU.Deploy.0 = Debug|iPhoneSimulator
		{F8F39BF1-4E2C-46D5-84AD-CD6258E358A5}.Debug|iPhone.ActiveCfg = Debug|iPhone
		{F8F39BF1-4E2C-46D5-84AD-CD6258E358A5}.Debug|iPhone.Build.0 = Debug|iPhone
		{F8F39BF1-4E2C-46D5-84AD-CD6258E358A5}.Debug|iPhone.Deploy.0 = Debug|iPhone
		{F8F39BF1-4E2C-46D5-84AD-CD6258E358A5}.Debug|iPhoneSimulator.ActiveCfg = Debug|iPhoneSimulator
		{F8F39BF1-4E2C-46D5-84AD-CD6258E358A5}.Debug|iPhoneSimulator.Build.0 = Debug|iPhoneSimulator
		{F8F39BF1-4E2C-46D5-84AD-CD6258E358A5}.Debug|iPhoneSimulator.Deploy.0 = Debug|iPhoneSimulator
		{F8F39BF1-4E2C-46D5-84AD-CD6258E358A5}.Release|Any CPU.ActiveCfg = Release|iPhone
		{F8F39BF1-4E2C-46D5-84AD-CD6258E358A5}.Release|Any CPU.Build.0 = Release|iPhone
		{F8F39BF1-4E2C-46D5-84AD-CD6258E358A5}.Release|Any CPU.Deploy.0 = Release|iPhone
		{F8F39BF1-4E2C-46D5-84AD-CD6258E358A5}.Release|iPhone.ActiveCfg = Release|iPhone
		{F8F39BF1-4E2C-46D5-84AD-CD6258E358A5}.Release|iPhone.Build.0 = Release|iPhone
		{F8F39BF1-4E2C-46D5-84AD-CD6258E358A5}.Release|iPhone.Deploy.0 = Release|iPhone
		{F8F39BF1-4E2C-46D5-84AD-CD6258E358A5}.Release|iPhoneSimulator.ActiveCfg = Release|iPhoneSimulator
		{F8F39BF1-4E2C-46D5-84AD-CD6258E358A5}.Release|iPhoneSimulator.Build.0 = Release|iPhoneSimulator
		{F8F39BF1-4E2C-46D5-84AD-CD6258E358A5}.Release|iPhoneSimulator.Deploy.0 = Release|iPhoneSimulator
		{730448D2-39C0-4E92-BC4F-D66F874FC4B7}.Ad-Hoc|Any CPU.ActiveCfg = Debug|Any CPU
		{730448D2-39C0-4E92-BC4F-D66F874FC4B7}.Ad-Hoc|Any CPU.Build.0 = Debug|Any CPU
		{730448D2-39C0-4E92-BC4F-D66F874FC4B7}.Ad-Hoc|Any CPU.Deploy.0 = Debug|Any CPU
		{730448D2-39C0-4E92-BC4F-D66F874FC4B7}.Ad-Hoc|iPhone.ActiveCfg = Debug|Any CPU
		{730448D2-39C0-4E92-BC4F-D66F874FC4B7}.Ad-Hoc|iPhone.Build.0 = Debug|Any CPU
		{730448D2-39C0-4E92-BC4F-D66F874FC4B7}.Ad-Hoc|iPhone.Deploy.0 = Debug|Any CPU
		{730448D2-39C0-4E92-BC4F-D66F874FC4B7}.Ad-Hoc|iPhoneSimulator.ActiveCfg = Debug|Any CPU
		{730448D2-39C0-4E92-BC4F-D66F874FC4B7}.Ad-Hoc|iPhoneSimulator.Build.0 = Debug|Any CPU
		{730448D2-39C0-4E92-BC4F-D66F874FC4B7}.Ad-Hoc|iPhoneSimulator.Deploy.0 = Debug|Any CPU
		{730448D2-39C0-4E92-BC4F-D66F874FC4B7}.AppStore|Any CPU.ActiveCfg = Debug|Any CPU
		{730448D2-39C0-4E92-BC4F-D66F874FC4B7}.AppStore|Any CPU.Build.0 = Debug|Any CPU
		{730448D2-39C0-4E92-BC4F-D66F874FC4B7}.AppStore|Any CPU.Deploy.0 = Debug|Any CPU
		{730448D2-39C0-4E92-BC4F-D66F874FC4B7}.AppStore|iPhone.ActiveCfg = Debug|Any CPU
		{730448D2-39C0-4E92-BC4F-D66F874FC4B7}.AppStore|iPhone.Build.0 = Debug|Any CPU
		{730448D2-39C0-4E92-BC4F-D66F874FC4B7}.AppStore|iPhone.Deploy.0 = Debug|Any CPU
		{730448D2-39C0-4E92-BC4F-D66F874FC4B7}.AppStore|iPhoneSimulator.ActiveCfg = Debug|Any CPU
		{730448D2-39C0-4E92-BC4F-D66F874FC4B7}.AppStore|iPhoneSimulator.Build.0 = Debug|Any CPU
		{730448D2-39C0-4E92-BC4F-D66F874FC4B7}.AppStore|iPhoneSimulator.Deploy.0 = Debug|Any CPU
		{730448D2-39C0-4E92-BC4F-D66F874FC4B7}.Debug|Any CPU.ActiveCfg = Debug|Any CPU
		{730448D2-39C0-4E92-BC4F-D66F874FC4B7}.Debug|Any CPU.Build.0 = Debug|Any CPU
		{730448D2-39C0-4E92-BC4F-D66F874FC4B7}.Debug|Any CPU.Deploy.0 = Debug|Any CPU
		{730448D2-39C0-4E92-BC4F-D66F874FC4B7}.Debug|iPhone.ActiveCfg = Debug|Any CPU
		{730448D2-39C0-4E92-BC4F-D66F874FC4B7}.Debug|iPhone.Build.0 = Debug|Any CPU
		{730448D2-39C0-4E92-BC4F-D66F874FC4B7}.Debug|iPhone.Deploy.0 = Debug|Any CPU
		{730448D2-39C0-4E92-BC4F-D66F874FC4B7}.Debug|iPhoneSimulator.ActiveCfg = Debug|Any CPU
		{730448D2-39C0-4E92-BC4F-D66F874FC4B7}.Debug|iPhoneSimulator.Build.0 = Debug|Any CPU
		{730448D2-39C0-4E92-BC4F-D66F874FC4B7}.Debug|iPhoneSimulator.Deploy.0 = Debug|Any CPU
		{730448D2-39C0-4E92-BC4F-D66F874FC4B7}.Release|Any CPU.ActiveCfg = Release|Any CPU
		{730448D2-39C0-4E92-BC4F-D66F874FC4B7}.Release|Any CPU.Build.0 = Release|Any CPU
		{730448D2-39C0-4E92-BC4F-D66F874FC4B7}.Release|Any CPU.Deploy.0 = Release|Any CPU
		{730448D2-39C0-4E92-BC4F-D66F874FC4B7}.Release|iPhone.ActiveCfg = Release|Any CPU
		{730448D2-39C0-4E92-BC4F-D66F874FC4B7}.Release|iPhone.Build.0 = Release|Any CPU
		{730448D2-39C0-4E92-BC4F-D66F874FC4B7}.Release|iPhone.Deploy.0 = Release|Any CPU
		{730448D2-39C0-4E92-BC4F-D66F874FC4B7}.Release|iPhoneSimulator.ActiveCfg = Release|Any CPU
		{730448D2-39C0-4E92-BC4F-D66F874FC4B7}.Release|iPhoneSimulator.Build.0 = Release|Any CPU
		{730448D2-39C0-4E92-BC4F-D66F874FC4B7}.Release|iPhoneSimulator.Deploy.0 = Release|Any CPU
	EndGlobalSection
	GlobalSection(SolutionProperties) = preSolution
		HideSolutionNode = FALSE
	EndGlobalSection
	GlobalSection(ExtensibilityGlobals) = postSolution
		SolutionGuid = {3BA27791-DD60-4187-AEB5-32840A12DE23}
	EndGlobalSection
	GlobalSection(TeamFoundationVersionControl) = preSolution
		SccNumberOfProjects = 4
		SccEnterpriseProvider = {4CA58AB2-18FA-4F8D-95D4-32DDF27D184C}
		SccTeamFoundationServer = https://dev.azure.com/ricardocanizalez
		SccLocalPath0 = .
		SccProjectUniqueName1 = PruebaCamara\\PruebaCamara.Android\\PruebaCamara.Android.csproj
		SccProjectName1 = PruebaCamara/PruebaCamara.Android
		SccLocalPath1 = PruebaCamara\\PruebaCamara.Android
		SccProjectUniqueName2 = PruebaCamara\\PruebaCamara.iOS\\PruebaCamara.iOS.csproj
		SccProjectName2 = PruebaCamara/PruebaCamara.iOS
		SccLocalPath2 = PruebaCamara\\PruebaCamara.iOS
		SccProjectUniqueName3 = PruebaCamara\\PruebaCamara\\PruebaCamara.csproj
		SccProjectName3 = PruebaCamara/PruebaCamara
		SccLocalPath3 = PruebaCamara\\PruebaCamara
	EndGlobalSection
EndGlobal
