
Microsoft Visual Studio Solution File, Format Version 12.00
# Visual Studio 15
VisualStudioVersion = 15.0.28307.271
MinimumVisualStudioVersion = 10.0.40219.1
Project("{FAE04EC0-301F-11D3-BF4B-00C04F79EFBC}") = "EjemploNavegación.Android", "EjemploNavegación\EjemploNavegación.Android\EjemploNavegación.Android.csproj", "{E06A6B1C-7F6C-4A98-BAAA-875B98C4CCF1}"
EndProject
Project("{FAE04EC0-301F-11D3-BF4B-00C04F79EFBC}") = "EjemploNavegación.iOS", "EjemploNavegación\EjemploNavegación.iOS\EjemploNavegación.iOS.csproj", "{039708A3-8A6C-45AC-ACA8-5EFF8361D518}"
EndProject
Project("{FAE04EC0-301F-11D3-BF4B-00C04F79EFBC}") = "EjemploNavegación", "EjemploNavegación\EjemploNavegación\EjemploNavegación.csproj", "{60B08343-3B54-4EAB-AC00-3D73E295BC79}"
EndProject
Global
	GlobalSection(SolutionConfigurationPlatforms) = preSolution
		Ad-Hoc|Any CPU = Ad-Hoc|Any CPU
		Ad-Hoc|iPhone = Ad-Hoc|iPhone
		Ad-Hoc|iPhoneSimulator = Ad-Hoc|iPhoneSimulator
		AppStore|Any CPU = AppStore|Any CPU
		AppStore|iPhone = AppStore|iPhone
		AppStore|iPhoneSimulator = AppStore|iPhoneSimulator
		Debug|Any CPU = Debug|Any CPU
		Debug|iPhone = Debug|iPhone
		Debug|iPhoneSimulator = Debug|iPhoneSimulator
		Release|Any CPU = Release|Any CPU
		Release|iPhone = Release|iPhone
		Release|iPhoneSimulator = Release|iPhoneSimulator
	EndGlobalSection
	GlobalSection(ProjectConfigurationPlatforms) = postSolution
		{E06A6B1C-7F6C-4A98-BAAA-875B98C4CCF1}.Ad-Hoc|Any CPU.ActiveCfg = Release|Any CPU
		{E06A6B1C-7F6C-4A98-BAAA-875B98C4CCF1}.Ad-Hoc|Any CPU.Build.0 = Release|Any CPU
		{E06A6B1C-7F6C-4A98-BAAA-875B98C4CCF1}.Ad-Hoc|Any CPU.Deploy.0 = Release|Any CPU
		{E06A6B1C-7F6C-4A98-BAAA-875B98C4CCF1}.Ad-Hoc|iPhone.ActiveCfg = Release|Any CPU
		{E06A6B1C-7F6C-4A98-BAAA-875B98C4CCF1}.Ad-Hoc|iPhone.Build.0 = Release|Any CPU
		{E06A6B1C-7F6C-4A98-BAAA-875B98C4CCF1}.Ad-Hoc|iPhone.Deploy.0 = Release|Any CPU
		{E06A6B1C-7F6C-4A98-BAAA-875B98C4CCF1}.Ad-Hoc|iPhoneSimulator.ActiveCfg = Release|Any CPU
		{E06A6B1C-7F6C-4A98-BAAA-875B98C4CCF1}.Ad-Hoc|iPhoneSimulator.Build.0 = Release|Any CPU
		{E06A6B1C-7F6C-4A98-BAAA-875B98C4CCF1}.Ad-Hoc|iPhoneSimulator.Deploy.0 = Release|Any CPU
		{E06A6B1C-7F6C-4A98-BAAA-875B98C4CCF1}.AppStore|Any CPU.ActiveCfg = Release|Any CPU
		{E06A6B1C-7F6C-4A98-BAAA-875B98C4CCF1}.AppStore|Any CPU.Build.0 = Release|Any CPU
		{E06A6B1C-7F6C-4A98-BAAA-875B98C4CCF1}.AppStore|Any CPU.Deploy.0 = Release|Any CPU
		{E06A6B1C-7F6C-4A98-BAAA-875B98C4CCF1}.AppStore|iPhone.ActiveCfg = Release|Any CPU
		{E06A6B1C-7F6C-4A98-BAAA-875B98C4CCF1}.AppStore|iPhone.Build.0 = Release|Any CPU
		{E06A6B1C-7F6C-4A98-BAAA-875B98C4CCF1}.AppStore|iPhone.Deploy.0 = Release|Any CPU
		{E06A6B1C-7F6C-4A98-BAAA-875B98C4CCF1}.AppStore|iPhoneSimulator.ActiveCfg = Release|Any CPU
		{E06A6B1C-7F6C-4A98-BAAA-875B98C4CCF1}.AppStore|iPhoneSimulator.Build.0 = Release|Any CPU
		{E06A6B1C-7F6C-4A98-BAAA-875B98C4CCF1}.AppStore|iPhoneSimulator.Deploy.0 = Release|Any CPU
		{E06A6B1C-7F6C-4A98-BAAA-875B98C4CCF1}.Debug|Any CPU.ActiveCfg = Debug|Any CPU
		{E06A6B1C-7F6C-4A98-BAAA-875B98C4CCF1}.Debug|Any CPU.Build.0 = Debug|Any CPU
		{E06A6B1C-7F6C-4A98-BAAA-875B98C4CCF1}.Debug|Any CPU.Deploy.0 = Debug|Any CPU
		{E06A6B1C-7F6C-4A98-BAAA-875B98C4CCF1}.Debug|iPhone.ActiveCfg = Debug|Any CPU
		{E06A6B1C-7F6C-4A98-BAAA-875B98C4CCF1}.Debug|iPhone.Build.0 = Debug|Any CPU
		{E06A6B1C-7F6C-4A98-BAAA-875B98C4CCF1}.Debug|iPhone.Deploy.0 = Debug|Any CPU
		{E06A6B1C-7F6C-4A98-BAAA-875B98C4CCF1}.Debug|iPhoneSimulator.ActiveCfg = Debug|Any CPU
		{E06A6B1C-7F6C-4A98-BAAA-875B98C4CCF1}.Debug|iPhoneSimulator.Build.0 = Debug|Any CPU
		{E06A6B1C-7F6C-4A98-BAAA-875B98C4CCF1}.Debug|iPhoneSimulator.Deploy.0 = Debug|Any CPU
		{E06A6B1C-7F6C-4A98-BAAA-875B98C4CCF1}.Release|Any CPU.ActiveCfg = Release|Any CPU
		{E06A6B1C-7F6C-4A98-BAAA-875B98C4CCF1}.Release|Any CPU.Build.0 = Release|Any CPU
		{E06A6B1C-7F6C-4A98-BAAA-875B98C4CCF1}.Release|Any CPU.Deploy.0 = Release|Any CPU
		{E06A6B1C-7F6C-4A98-BAAA-875B98C4CCF1}.Release|iPhone.ActiveCfg = Release|Any CPU
		{E06A6B1C-7F6C-4A98-BAAA-875B98C4CCF1}.Release|iPhone.Build.0 = Release|Any CPU
		{E06A6B1C-7F6C-4A98-BAAA-875B98C4CCF1}.Release|iPhone.Deploy.0 = Release|Any CPU
		{E06A6B1C-7F6C-4A98-BAAA-875B98C4CCF1}.Release|iPhoneSimulator.ActiveCfg = Release|Any CPU
		{E06A6B1C-7F6C-4A98-BAAA-875B98C4CCF1}.Release|iPhoneSimulator.Build.0 = Release|Any CPU
		{E06A6B1C-7F6C-4A98-BAAA-875B98C4CCF1}.Release|iPhoneSimulator.Deploy.0 = Release|Any CPU
		{039708A3-8A6C-45AC-ACA8-5EFF8361D518}.Ad-Hoc|Any CPU.ActiveCfg = Ad-Hoc|iPhone
		{039708A3-8A6C-45AC-ACA8-5EFF8361D518}.Ad-Hoc|Any CPU.Build.0 = Ad-Hoc|iPhone
		{039708A3-8A6C-45AC-ACA8-5EFF8361D518}.Ad-Hoc|Any CPU.Deploy.0 = Ad-Hoc|iPhone
		{039708A3-8A6C-45AC-ACA8-5EFF8361D518}.Ad-Hoc|iPhone.ActiveCfg = Ad-Hoc|iPhone
		{039708A3-8A6C-45AC-ACA8-5EFF8361D518}.Ad-Hoc|iPhone.Build.0 = Ad-Hoc|iPhone
		{039708A3-8A6C-45AC-ACA8-5EFF8361D518}.Ad-Hoc|iPhone.Deploy.0 = Ad-Hoc|iPhone
		{039708A3-8A6C-45AC-ACA8-5EFF8361D518}.Ad-Hoc|iPhoneSimulator.ActiveCfg = Ad-Hoc|iPhoneSimulator
		{039708A3-8A6C-45AC-ACA8-5EFF8361D518}.Ad-Hoc|iPhoneSimulator.Build.0 = Ad-Hoc|iPhoneSimulator
		{039708A3-8A6C-45AC-ACA8-5EFF8361D518}.Ad-Hoc|iPhoneSimulator.Deploy.0 = Ad-Hoc|iPhoneSimulator
		{039708A3-8A6C-45AC-ACA8-5EFF8361D518}.AppStore|Any CPU.ActiveCfg = AppStore|iPhone
		{039708A3-8A6C-45AC-ACA8-5EFF8361D518}.AppStore|Any CPU.Build.0 = AppStore|iPhone
		{039708A3-8A6C-45AC-ACA8-5EFF8361D518}.AppStore|Any CPU.Deploy.0 = AppStore|iPhone
		{039708A3-8A6C-45AC-ACA8-5EFF8361D518}.AppStore|iPhone.ActiveCfg = AppStore|iPhone
		{039708A3-8A6C-45AC-ACA8-5EFF8361D518}.AppStore|iPhone.Build.0 = AppStore|iPhone
		{039708A3-8A6C-45AC-ACA8-5EFF8361D518}.AppStore|iPhone.Deploy.0 = AppStore|iPhone
		{039708A3-8A6C-45AC-ACA8-5EFF8361D518}.AppStore|iPhoneSimulator.ActiveCfg = AppStore|iPhoneSimulator
		{039708A3-8A6C-45AC-ACA8-5EFF8361D518}.AppStore|iPhoneSimulator.Build.0 = AppStore|iPhoneSimulator
		{039708A3-8A6C-45AC-ACA8-5EFF8361D518}.AppStore|iPhoneSimulator.Deploy.0 = AppStore|iPhoneSimulator
		{039708A3-8A6C-45AC-ACA8-5EFF8361D518}.Debug|Any CPU.ActiveCfg = Debug|iPhoneSimulator
		{039708A3-8A6C-45AC-ACA8-5EFF8361D518}.Debug|Any CPU.Build.0 = Debug|iPhoneSimulator
		{039708A3-8A6C-45AC-ACA8-5EFF8361D518}.Debug|Any CPU.Deploy.0 = Debug|iPhoneSimulator
		{039708A3-8A6C-45AC-ACA8-5EFF8361D518}.Debug|iPhone.ActiveCfg = Debug|iPhone
		{039708A3-8A6C-45AC-ACA8-5EFF8361D518}.Debug|iPhone.Build.0 = Debug|iPhone
		{039708A3-8A6C-45AC-ACA8-5EFF8361D518}.Debug|iPhone.Deploy.0 = Debug|iPhone
		{039708A3-8A6C-45AC-ACA8-5EFF8361D518}.Debug|iPhoneSimulator.ActiveCfg = Debug|iPhoneSimulator
		{039708A3-8A6C-45AC-ACA8-5EFF8361D518}.Debug|iPhoneSimulator.Build.0 = Debug|iPhoneSimulator
		{039708A3-8A6C-45AC-ACA8-5EFF8361D518}.Debug|iPhoneSimulator.Deploy.0 = Debug|iPhoneSimulator
		{039708A3-8A6C-45AC-ACA8-5EFF8361D518}.Release|Any CPU.ActiveCfg = Release|iPhone
		{039708A3-8A6C-45AC-ACA8-5EFF8361D518}.Release|Any CPU.Build.0 = Release|iPhone
		{039708A3-8A6C-45AC-ACA8-5EFF8361D518}.Release|Any CPU.Deploy.0 = Release|iPhone
		{039708A3-8A6C-45AC-ACA8-5EFF8361D518}.Release|iPhone.ActiveCfg = Release|iPhone
		{039708A3-8A6C-45AC-ACA8-5EFF8361D518}.Release|iPhone.Build.0 = Release|iPhone
		{039708A3-8A6C-45AC-ACA8-5EFF8361D518}.Release|iPhone.Deploy.0 = Release|iPhone
		{039708A3-8A6C-45AC-ACA8-5EFF8361D518}.Release|iPhoneSimulator.ActiveCfg = Release|iPhoneSimulator
		{039708A3-8A6C-45AC-ACA8-5EFF8361D518}.Release|iPhoneSimulator.Build.0 = Release|iPhoneSimulator
		{039708A3-8A6C-45AC-ACA8-5EFF8361D518}.Release|iPhoneSimulator.Deploy.0 = Release|iPhoneSimulator
		{60B08343-3B54-4EAB-AC00-3D73E295BC79}.Ad-Hoc|Any CPU.ActiveCfg = Debug|Any CPU
		{60B08343-3B54-4EAB-AC00-3D73E295BC79}.Ad-Hoc|Any CPU.Build.0 = Debug|Any CPU
		{60B08343-3B54-4EAB-AC00-3D73E295BC79}.Ad-Hoc|Any CPU.Deploy.0 = Debug|Any CPU
		{60B08343-3B54-4EAB-AC00-3D73E295BC79}.Ad-Hoc|iPhone.ActiveCfg = Debug|Any CPU
		{60B08343-3B54-4EAB-AC00-3D73E295BC79}.Ad-Hoc|iPhone.Build.0 = Debug|Any CPU
		{60B08343-3B54-4EAB-AC00-3D73E295BC79}.Ad-Hoc|iPhone.Deploy.0 = Debug|Any CPU
		{60B08343-3B54-4EAB-AC00-3D73E295BC79}.Ad-Hoc|iPhoneSimulator.ActiveCfg = Debug|Any CPU
		{60B08343-3B54-4EAB-AC00-3D73E295BC79}.Ad-Hoc|iPhoneSimulator.Build.0 = Debug|Any CPU
		{60B08343-3B54-4EAB-AC00-3D73E295BC79}.Ad-Hoc|iPhoneSimulator.Deploy.0 = Debug|Any CPU
		{60B08343-3B54-4EAB-AC00-3D73E295BC79}.AppStore|Any CPU.ActiveCfg = Debug|Any CPU
		{60B08343-3B54-4EAB-AC00-3D73E295BC79}.AppStore|Any CPU.Build.0 = Debug|Any CPU
		{60B08343-3B54-4EAB-AC00-3D73E295BC79}.AppStore|Any CPU.Deploy.0 = Debug|Any CPU
		{60B08343-3B54-4EAB-AC00-3D73E295BC79}.AppStore|iPhone.ActiveCfg = Debug|Any CPU
		{60B08343-3B54-4EAB-AC00-3D73E295BC79}.AppStore|iPhone.Build.0 = Debug|Any CPU
		{60B08343-3B54-4EAB-AC00-3D73E295BC79}.AppStore|iPhone.Deploy.0 = Debug|Any CPU
		{60B08343-3B54-4EAB-AC00-3D73E295BC79}.AppStore|iPhoneSimulator.ActiveCfg = Debug|Any CPU
		{60B08343-3B54-4EAB-AC00-3D73E295BC79}.AppStore|iPhoneSimulator.Build.0 = Debug|Any CPU
		{60B08343-3B54-4EAB-AC00-3D73E295BC79}.AppStore|iPhoneSimulator.Deploy.0 = Debug|Any CPU
		{60B08343-3B54-4EAB-AC00-3D73E295BC79}.Debug|Any CPU.ActiveCfg = Debug|Any CPU
		{60B08343-3B54-4EAB-AC00-3D73E295BC79}.Debug|Any CPU.Build.0 = Debug|Any CPU
		{60B08343-3B54-4EAB-AC00-3D73E295BC79}.Debug|Any CPU.Deploy.0 = Debug|Any CPU
		{60B08343-3B54-4EAB-AC00-3D73E295BC79}.Debug|iPhone.ActiveCfg = Debug|Any CPU
		{60B08343-3B54-4EAB-AC00-3D73E295BC79}.Debug|iPhone.Build.0 = Debug|Any CPU
		{60B08343-3B54-4EAB-AC00-3D73E295BC79}.Debug|iPhone.Deploy.0 = Debug|Any CPU
		{60B08343-3B54-4EAB-AC00-3D73E295BC79}.Debug|iPhoneSimulator.ActiveCfg = Debug|Any CPU
		{60B08343-3B54-4EAB-AC00-3D73E295BC79}.Debug|iPhoneSimulator.Build.0 = Debug|Any CPU
		{60B08343-3B54-4EAB-AC00-3D73E295BC79}.Debug|iPhoneSimulator.Deploy.0 = Debug|Any CPU
		{60B08343-3B54-4EAB-AC00-3D73E295BC79}.Release|Any CPU.ActiveCfg = Release|Any CPU
		{60B08343-3B54-4EAB-AC00-3D73E295BC79}.Release|Any CPU.Build.0 = Release|Any CPU
		{60B08343-3B54-4EAB-AC00-3D73E295BC79}.Release|Any CPU.Deploy.0 = Release|Any CPU
		{60B08343-3B54-4EAB-AC00-3D73E295BC79}.Release|iPhone.ActiveCfg = Release|Any CPU
		{60B08343-3B54-4EAB-AC00-3D73E295BC79}.Release|iPhone.Build.0 = Release|Any CPU
		{60B08343-3B54-4EAB-AC00-3D73E295BC79}.Release|iPhone.Deploy.0 = Release|Any CPU
		{60B08343-3B54-4EAB-AC00-3D73E295BC79}.Release|iPhoneSimulator.ActiveCfg = Release|Any CPU
		{60B08343-3B54-4EAB-AC00-3D73E295BC79}.Release|iPhoneSimulator.Build.0 = Release|Any CPU
		{60B08343-3B54-4EAB-AC00-3D73E295BC79}.Release|iPhoneSimulator.Deploy.0 = Release|Any CPU
	EndGlobalSection
	GlobalSection(SolutionProperties) = preSolution
		HideSolutionNode = FALSE
	EndGlobalSection
	GlobalSection(ExtensibilityGlobals) = postSolution
		SolutionGuid = {559FA079-1DE1-41D9-8353-AFDBA0D2C1B7}
	EndGlobalSection
EndGlobal
