
Microsoft Visual Studio Solution File, Format Version 12.00
# Visual Studio 15
VisualStudioVersion = 15.0.28010.2016
MinimumVisualStudioVersion = 10.0.40219.1
Project("{FAE04EC0-301F-11D3-BF4B-00C04F79EFBC}") = "NotificacionApp.Android", "NotificacionApp\NotificacionApp.Android\NotificacionApp.Android.csproj", "{AEC701C8-D3E1-4F6D-A4F9-033D76DAA870}"
EndProject
Project("{FAE04EC0-301F-11D3-BF4B-00C04F79EFBC}") = "NotificacionApp.iOS", "NotificacionApp\NotificacionApp.iOS\NotificacionApp.iOS.csproj", "{24344048-6672-494D-9E59-EE7DE2117702}"
EndProject
Project("{9A19103F-16F7-4668-BE54-9A1E7A4F7556}") = "NotificacionApp", "NotificacionApp\NotificacionApp\NotificacionApp.csproj", "{77B63F88-ABFC-4940-B4C4-09F2BD65E804}"
EndProject
Project("{FAE04EC0-301F-11D3-BF4B-00C04F79EFBC}") = "PruebaUnitaria", "PruebaUnitaria\PruebaUnitaria.csproj", "{4BBBD7F3-F54F-4579-B33B-0D6456A3B8CF}"
EndProject
Global
	GlobalSection(SolutionConfigurationPlatforms) = preSolution
		Ad-Hoc|Any CPU = Ad-Hoc|Any CPU
		Ad-Hoc|iPhone = Ad-Hoc|iPhone
		Ad-Hoc|iPhoneSimulator = Ad-Hoc|iPhoneSimulator
		AppStore|Any CPU = AppStore|Any CPU
		AppStore|iPhone = AppStore|iPhone
		AppStore|iPhoneSimulator = AppStore|iPhoneSimulator
		Debug|Any CPU = Debug|Any CPU
		Debug|iPhone = Debug|iPhone
		Debug|iPhoneSimulator = Debug|iPhoneSimulator
		Release|Any CPU = Release|Any CPU
		Release|iPhone = Release|iPhone
		Release|iPhoneSimulator = Release|iPhoneSimulator
	EndGlobalSection
	GlobalSection(ProjectConfigurationPlatforms) = postSolution
		{AEC701C8-D3E1-4F6D-A4F9-033D76DAA870}.Ad-Hoc|Any CPU.ActiveCfg = Release|Any CPU
		{AEC701C8-D3E1-4F6D-A4F9-033D76DAA870}.Ad-Hoc|Any CPU.Build.0 = Release|Any CPU
		{AEC701C8-D3E1-4F6D-A4F9-033D76DAA870}.Ad-Hoc|Any CPU.Deploy.0 = Release|Any CPU
		{AEC701C8-D3E1-4F6D-A4F9-033D76DAA870}.Ad-Hoc|iPhone.ActiveCfg = Release|Any CPU
		{AEC701C8-D3E1-4F6D-A4F9-033D76DAA870}.Ad-Hoc|iPhone.Build.0 = Release|Any CPU
		{AEC701C8-D3E1-4F6D-A4F9-033D76DAA870}.Ad-Hoc|iPhone.Deploy.0 = Release|Any CPU
		{AEC701C8-D3E1-4F6D-A4F9-033D76DAA870}.Ad-Hoc|iPhoneSimulator.ActiveCfg = Release|Any CPU
		{AEC701C8-D3E1-4F6D-A4F9-033D76DAA870}.Ad-Hoc|iPhoneSimulator.Build.0 = Release|Any CPU
		{AEC701C8-D3E1-4F6D-A4F9-033D76DAA870}.Ad-Hoc|iPhoneSimulator.Deploy.0 = Release|Any CPU
		{AEC701C8-D3E1-4F6D-A4F9-033D76DAA870}.AppStore|Any CPU.ActiveCfg = Release|Any CPU
		{AEC701C8-D3E1-4F6D-A4F9-033D76DAA870}.AppStore|Any CPU.Build.0 = Release|Any CPU
		{AEC701C8-D3E1-4F6D-A4F9-033D76DAA870}.AppStore|Any CPU.Deploy.0 = Release|Any CPU
		{AEC701C8-D3E1-4F6D-A4F9-033D76DAA870}.AppStore|iPhone.ActiveCfg = Release|Any CPU
		{AEC701C8-D3E1-4F6D-A4F9-033D76DAA870}.AppStore|iPhone.Build.0 = Release|Any CPU
		{AEC701C8-D3E1-4F6D-A4F9-033D76DAA870}.AppStore|iPhone.Deploy.0 = Release|Any CPU
		{AEC701C8-D3E1-4F6D-A4F9-033D76DAA870}.AppStore|iPhoneSimulator.ActiveCfg = Release|Any CPU
		{AEC701C8-D3E1-4F6D-A4F9-033D76DAA870}.AppStore|iPhoneSimulator.Build.0 = Release|Any CPU
		{AEC701C8-D3E1-4F6D-A4F9-033D76DAA870}.AppStore|iPhoneSimulator.Deploy.0 = Release|Any CPU
		{AEC701C8-D3E1-4F6D-A4F9-033D76DAA870}.Debug|Any CPU.ActiveCfg = Debug|Any CPU
		{AEC701C8-D3E1-4F6D-A4F9-033D76DAA870}.Debug|Any CPU.Build.0 = Debug|Any CPU
		{AEC701C8-D3E1-4F6D-A4F9-033D76DAA870}.Debug|Any CPU.Deploy.0 = Debug|Any CPU
		{AEC701C8-D3E1-4F6D-A4F9-033D76DAA870}.Debug|iPhone.ActiveCfg = Debug|Any CPU
		{AEC701C8-D3E1-4F6D-A4F9-033D76DAA870}.Debug|iPhone.Build.0 = Debug|Any CPU
		{AEC701C8-D3E1-4F6D-A4F9-033D76DAA870}.Debug|iPhone.Deploy.0 = Debug|Any CPU
		{AEC701C8-D3E1-4F6D-A4F9-033D76DAA870}.Debug|iPhoneSimulator.ActiveCfg = Debug|Any CPU
		{AEC701C8-D3E1-4F6D-A4F9-033D76DAA870}.Debug|iPhoneSimulator.Build.0 = Debug|Any CPU
		{AEC701C8-D3E1-4F6D-A4F9-033D76DAA870}.Debug|iPhoneSimulator.Deploy.0 = Debug|Any CPU
		{AEC701C8-D3E1-4F6D-A4F9-033D76DAA870}.Release|Any CPU.ActiveCfg = Release|Any CPU
		{AEC701C8-D3E1-4F6D-A4F9-033D76DAA870}.Release|Any CPU.Build.0 = Release|Any CPU
		{AEC701C8-D3E1-4F6D-A4F9-033D76DAA870}.Release|Any CPU.Deploy.0 = Release|Any CPU
		{AEC701C8-D3E1-4F6D-A4F9-033D76DAA870}.Release|iPhone.ActiveCfg = Release|Any CPU
		{AEC701C8-D3E1-4F6D-A4F9-033D76DAA870}.Release|iPhone.Build.0 = Release|Any CPU
		{AEC701C8-D3E1-4F6D-A4F9-033D76DAA870}.Release|iPhone.Deploy.0 = Release|Any CPU
		{AEC701C8-D3E1-4F6D-A4F9-033D76DAA870}.Release|iPhoneSimulator.ActiveCfg = Release|Any CPU
		{AEC701C8-D3E1-4F6D-A4F9-033D76DAA870}.Release|iPhoneSimulator.Build.0 = Release|Any CPU
		{AEC701C8-D3E1-4F6D-A4F9-033D76DAA870}.Release|iPhoneSimulator.Deploy.0 = Release|Any CPU
		{24344048-6672-494D-9E59-EE7DE2117702}.Ad-Hoc|Any CPU.ActiveCfg = Ad-Hoc|iPhone
		{24344048-6672-494D-9E59-EE7DE2117702}.Ad-Hoc|Any CPU.Build.0 = Ad-Hoc|iPhone
		{24344048-6672-494D-9E59-EE7DE2117702}.Ad-Hoc|Any CPU.Deploy.0 = Ad-Hoc|iPhone
		{24344048-6672-494D-9E59-EE7DE2117702}.Ad-Hoc|iPhone.ActiveCfg = Ad-Hoc|iPhone
		{24344048-6672-494D-9E59-EE7DE2117702}.Ad-Hoc|iPhone.Build.0 = Ad-Hoc|iPhone
		{24344048-6672-494D-9E59-EE7DE2117702}.Ad-Hoc|iPhone.Deploy.0 = Ad-Hoc|iPhone
		{24344048-6672-494D-9E59-EE7DE2117702}.Ad-Hoc|iPhoneSimulator.ActiveCfg = Ad-Hoc|iPhoneSimulator
		{24344048-6672-494D-9E59-EE7DE2117702}.Ad-Hoc|iPhoneSimulator.Build.0 = Ad-Hoc|iPhoneSimulator
		{24344048-6672-494D-9E59-EE7DE2117702}.Ad-Hoc|iPhoneSimulator.Deploy.0 = Ad-Hoc|iPhoneSimulator
		{24344048-6672-494D-9E59-EE7DE2117702}.AppStore|Any CPU.ActiveCfg = AppStore|iPhone
		{24344048-6672-494D-9E59-EE7DE2117702}.AppStore|Any CPU.Build.0 = AppStore|iPhone
		{24344048-6672-494D-9E59-EE7DE2117702}.AppStore|Any CPU.Deploy.0 = AppStore|iPhone
		{24344048-6672-494D-9E59-EE7DE2117702}.AppStore|iPhone.ActiveCfg = AppStore|iPhone
		{24344048-6672-494D-9E59-EE7DE2117702}.AppStore|iPhone.Build.0 = AppStore|iPhone
		{24344048-6672-494D-9E59-EE7DE2117702}.AppStore|iPhone.Deploy.0 = AppStore|iPhone
		{24344048-6672-494D-9E59-EE7DE2117702}.AppStore|iPhoneSimulator.ActiveCfg = AppStore|iPhoneSimulator
		{24344048-6672-494D-9E59-EE7DE2117702}.AppStore|iPhoneSimulator.Build.0 = AppStore|iPhoneSimulator
		{24344048-6672-494D-9E59-EE7DE2117702}.AppStore|iPhoneSimulator.Deploy.0 = AppStore|iPhoneSimulator
		{24344048-6672-494D-9E59-EE7DE2117702}.Debug|Any CPU.ActiveCfg = Debug|iPhoneSimulator
		{24344048-6672-494D-9E59-EE7DE2117702}.Debug|Any CPU.Build.0 = Debug|iPhoneSimulator
		{24344048-6672-494D-9E59-EE7DE2117702}.Debug|Any CPU.Deploy.0 = Debug|iPhoneSimulator
		{24344048-6672-494D-9E59-EE7DE2117702}.Debug|iPhone.ActiveCfg = Debug|iPhone
		{24344048-6672-494D-9E59-EE7DE2117702}.Debug|iPhone.Build.0 = Debug|iPhone
		{24344048-6672-494D-9E59-EE7DE2117702}.Debug|iPhone.Deploy.0 = Debug|iPhone
		{24344048-6672-494D-9E59-EE7DE2117702}.Debug|iPhoneSimulator.ActiveCfg = Debug|iPhoneSimulator
		{24344048-6672-494D-9E59-EE7DE2117702}.Debug|iPhoneSimulator.Build.0 = Debug|iPhoneSimulator
		{24344048-6672-494D-9E59-EE7DE2117702}.Debug|iPhoneSimulator.Deploy.0 = Debug|iPhoneSimulator
		{24344048-6672-494D-9E59-EE7DE2117702}.Release|Any CPU.ActiveCfg = Release|iPhone
		{24344048-6672-494D-9E59-EE7DE2117702}.Release|Any CPU.Build.0 = Release|iPhone
		{24344048-6672-494D-9E59-EE7DE2117702}.Release|Any CPU.Deploy.0 = Release|iPhone
		{24344048-6672-494D-9E59-EE7DE2117702}.Release|iPhone.ActiveCfg = Release|iPhone
		{24344048-6672-494D-9E59-EE7DE2117702}.Release|iPhone.Build.0 = Release|iPhone
		{24344048-6672-494D-9E59-EE7DE2117702}.Release|iPhone.Deploy.0 = Release|iPhone
		{24344048-6672-494D-9E59-EE7DE2117702}.Release|iPhoneSimulator.ActiveCfg = Release|iPhoneSimulator
		{24344048-6672-494D-9E59-EE7DE2117702}.Release|iPhoneSimulator.Build.0 = Release|iPhoneSimulator
		{24344048-6672-494D-9E59-EE7DE2117702}.Release|iPhoneSimulator.Deploy.0 = Release|iPhoneSimulator
		{77B63F88-ABFC-4940-B4C4-09F2BD65E804}.Ad-Hoc|Any CPU.ActiveCfg = Debug|Any CPU
		{77B63F88-ABFC-4940-B4C4-09F2BD65E804}.Ad-Hoc|Any CPU.Build.0 = Debug|Any CPU
		{77B63F88-ABFC-4940-B4C4-09F2BD65E804}.Ad-Hoc|Any CPU.Deploy.0 = Debug|Any CPU
		{77B63F88-ABFC-4940-B4C4-09F2BD65E804}.Ad-Hoc|iPhone.ActiveCfg = Debug|Any CPU
		{77B63F88-ABFC-4940-B4C4-09F2BD65E804}.Ad-Hoc|iPhone.Build.0 = Debug|Any CPU
		{77B63F88-ABFC-4940-B4C4-09F2BD65E804}.Ad-Hoc|iPhone.Deploy.0 = Debug|Any CPU
		{77B63F88-ABFC-4940-B4C4-09F2BD65E804}.Ad-Hoc|iPhoneSimulator.ActiveCfg = Debug|Any CPU
		{77B63F88-ABFC-4940-B4C4-09F2BD65E804}.Ad-Hoc|iPhoneSimulator.Build.0 = Debug|Any CPU
		{77B63F88-ABFC-4940-B4C4-09F2BD65E804}.Ad-Hoc|iPhoneSimulator.Deploy.0 = Debug|Any CPU
		{77B63F88-ABFC-4940-B4C4-09F2BD65E804}.AppStore|Any CPU.ActiveCfg = Debug|Any CPU
		{77B63F88-ABFC-4940-B4C4-09F2BD65E804}.AppStore|Any CPU.Build.0 = Debug|Any CPU
		{77B63F88-ABFC-4940-B4C4-09F2BD65E804}.AppStore|Any CPU.Deploy.0 = Debug|Any CPU
		{77B63F88-ABFC-4940-B4C4-09F2BD65E804}.AppStore|iPhone.ActiveCfg = Debug|Any CPU
		{77B63F88-ABFC-4940-B4C4-09F2BD65E804}.AppStore|iPhone.Build.0 = Debug|Any CPU
		{77B63F88-ABFC-4940-B4C4-09F2BD65E804}.AppStore|iPhone.Deploy.0 = Debug|Any CPU
		{77B63F88-ABFC-4940-B4C4-09F2BD65E804}.AppStore|iPhoneSimulator.ActiveCfg = Debug|Any CPU
		{77B63F88-ABFC-4940-B4C4-09F2BD65E804}.AppStore|iPhoneSimulator.Build.0 = Debug|Any CPU
		{77B63F88-ABFC-4940-B4C4-09F2BD65E804}.AppStore|iPhoneSimulator.Deploy.0 = Debug|Any CPU
		{77B63F88-ABFC-4940-B4C4-09F2BD65E804}.Debug|Any CPU.ActiveCfg = Debug|Any CPU
		{77B63F88-ABFC-4940-B4C4-09F2BD65E804}.Debug|Any CPU.Build.0 = Debug|Any CPU
		{77B63F88-ABFC-4940-B4C4-09F2BD65E804}.Debug|Any CPU.Deploy.0 = Debug|Any CPU
		{77B63F88-ABFC-4940-B4C4-09F2BD65E804}.Debug|iPhone.ActiveCfg = Debug|Any CPU
		{77B63F88-ABFC-4940-B4C4-09F2BD65E804}.Debug|iPhone.Build.0 = Debug|Any CPU
		{77B63F88-ABFC-4940-B4C4-09F2BD65E804}.Debug|iPhone.Deploy.0 = Debug|Any CPU
		{77B63F88-ABFC-4940-B4C4-09F2BD65E804}.Debug|iPhoneSimulator.ActiveCfg = Debug|Any CPU
		{77B63F88-ABFC-4940-B4C4-09F2BD65E804}.Debug|iPhoneSimulator.Build.0 = Debug|Any CPU
		{77B63F88-ABFC-4940-B4C4-09F2BD65E804}.Debug|iPhoneSimulator.Deploy.0 = Debug|Any CPU
		{77B63F88-ABFC-4940-B4C4-09F2BD65E804}.Release|Any CPU.ActiveCfg = Release|Any CPU
		{77B63F88-ABFC-4940-B4C4-09F2BD65E804}.Release|Any CPU.Build.0 = Release|Any CPU
		{77B63F88-ABFC-4940-B4C4-09F2BD65E804}.Release|Any CPU.Deploy.0 = Release|Any CPU
		{77B63F88-ABFC-4940-B4C4-09F2BD65E804}.Release|iPhone.ActiveCfg = Release|Any CPU
		{77B63F88-ABFC-4940-B4C4-09F2BD65E804}.Release|iPhone.Build.0 = Release|Any CPU
		{77B63F88-ABFC-4940-B4C4-09F2BD65E804}.Release|iPhone.Deploy.0 = Release|Any CPU
		{77B63F88-ABFC-4940-B4C4-09F2BD65E804}.Release|iPhoneSimulator.ActiveCfg = Release|Any CPU
		{77B63F88-ABFC-4940-B4C4-09F2BD65E804}.Release|iPhoneSimulator.Build.0 = Release|Any CPU
		{77B63F88-ABFC-4940-B4C4-09F2BD65E804}.Release|iPhoneSimulator.Deploy.0 = Release|Any CPU
		{4BBBD7F3-F54F-4579-B33B-0D6456A3B8CF}.Ad-Hoc|Any CPU.ActiveCfg = Release|Any CPU
		{4BBBD7F3-F54F-4579-B33B-0D6456A3B8CF}.Ad-Hoc|Any CPU.Build.0 = Release|Any CPU
		{4BBBD7F3-F54F-4579-B33B-0D6456A3B8CF}.Ad-Hoc|iPhone.ActiveCfg = Release|Any CPU
		{4BBBD7F3-F54F-4579-B33B-0D6456A3B8CF}.Ad-Hoc|iPhone.Build.0 = Release|Any CPU
		{4BBBD7F3-F54F-4579-B33B-0D6456A3B8CF}.Ad-Hoc|iPhoneSimulator.ActiveCfg = Release|Any CPU
		{4BBBD7F3-F54F-4579-B33B-0D6456A3B8CF}.Ad-Hoc|iPhoneSimulator.Build.0 = Release|Any CPU
		{4BBBD7F3-F54F-4579-B33B-0D6456A3B8CF}.AppStore|Any CPU.ActiveCfg = Release|Any CPU
		{4BBBD7F3-F54F-4579-B33B-0D6456A3B8CF}.AppStore|Any CPU.Build.0 = Release|Any CPU
		{4BBBD7F3-F54F-4579-B33B-0D6456A3B8CF}.AppStore|iPhone.ActiveCfg = Release|Any CPU
		{4BBBD7F3-F54F-4579-B33B-0D6456A3B8CF}.AppStore|iPhone.Build.0 = Release|Any CPU
		{4BBBD7F3-F54F-4579-B33B-0D6456A3B8CF}.AppStore|iPhoneSimulator.ActiveCfg = Release|Any CPU
		{4BBBD7F3-F54F-4579-B33B-0D6456A3B8CF}.AppStore|iPhoneSimulator.Build.0 = Release|Any CPU
		{4BBBD7F3-F54F-4579-B33B-0D6456A3B8CF}.Debug|Any CPU.ActiveCfg = Debug|Any CPU
		{4BBBD7F3-F54F-4579-B33B-0D6456A3B8CF}.Debug|Any CPU.Build.0 = Debug|Any CPU
		{4BBBD7F3-F54F-4579-B33B-0D6456A3B8CF}.Debug|iPhone.ActiveCfg = Debug|Any CPU
		{4BBBD7F3-F54F-4579-B33B-0D6456A3B8CF}.Debug|iPhone.Build.0 = Debug|Any CPU
		{4BBBD7F3-F54F-4579-B33B-0D6456A3B8CF}.Debug|iPhoneSimulator.ActiveCfg = Debug|Any CPU
		{4BBBD7F3-F54F-4579-B33B-0D6456A3B8CF}.Debug|iPhoneSimulator.Build.0 = Debug|Any CPU
		{4BBBD7F3-F54F-4579-B33B-0D6456A3B8CF}.Release|Any CPU.ActiveCfg = Release|Any CPU
		{4BBBD7F3-F54F-4579-B33B-0D6456A3B8CF}.Release|Any CPU.Build.0 = Release|Any CPU
		{4BBBD7F3-F54F-4579-B33B-0D6456A3B8CF}.Release|iPhone.ActiveCfg = Release|Any CPU
		{4BBBD7F3-F54F-4579-B33B-0D6456A3B8CF}.Release|iPhone.Build.0 = Release|Any CPU
		{4BBBD7F3-F54F-4579-B33B-0D6456A3B8CF}.Release|iPhoneSimulator.ActiveCfg = Release|Any CPU
		{4BBBD7F3-F54F-4579-B33B-0D6456A3B8CF}.Release|iPhoneSimulator.Build.0 = Release|Any CPU
	EndGlobalSection
	GlobalSection(SolutionProperties) = preSolution
		HideSolutionNode = FALSE
	EndGlobalSection
	GlobalSection(ExtensibilityGlobals) = postSolution
		SolutionGuid = {CA42998C-7994-4177-B063-070656F9FA54}
	EndGlobalSection
EndGlobal
